// !$*UTF8*$!
{
	archiveVersion = 1;
	classes = {
	};
	objectVersion = 56;
	objects = {

/* Begin PBXBuildFile section */
		2632501A5802B62DE7836783 /* Pods_YouOnTests.framework in Frameworks */ = {isa = PBXBuildFile; fileRef = 0F425F0CBFB6198A89E21BA3 /* Pods_YouOnTests.framework */; };
		9D508FEE29C8789300F9EE5F /* XCDYouTubeKit in Frameworks */ = {isa = PBXBuildFile; productRef = 9D508FED29C8789300F9EE5F /* XCDYouTubeKit */; };
		9D508FF029C879DE00F9EE5F /* AllPlaylistsTableView.swift in Sources */ = {isa = PBXBuildFile; fileRef = 9D508FEF29C879DD00F9EE5F /* AllPlaylistsTableView.swift */; };
		9D508FF229C87A0D00F9EE5F /* BindableTableView.swift in Sources */ = {isa = PBXBuildFile; fileRef = 9D508FF129C87A0D00F9EE5F /* BindableTableView.swift */; };
		9D508FF429C8916F00F9EE5F /* LibraryViewController.swift in Sources */ = {isa = PBXBuildFile; fileRef = 9D508FF329C8916F00F9EE5F /* LibraryViewController.swift */; };
		9D508FF629C893CF00F9EE5F /* LibraryViewModel.swift in Sources */ = {isa = PBXBuildFile; fileRef = 9D508FF529C893CF00F9EE5F /* LibraryViewModel.swift */; };
		9D508FF829C8960000F9EE5F /* PlaylistSaverService.swift in Sources */ = {isa = PBXBuildFile; fileRef = 9D508FF729C8960000F9EE5F /* PlaylistSaverService.swift */; };
		9D508FFA29C8981500F9EE5F /* LibraryPageBuilder.swift in Sources */ = {isa = PBXBuildFile; fileRef = 9D508FF929C8981500F9EE5F /* LibraryPageBuilder.swift */; };
		9D508FFC29C99E3E00F9EE5F /* MainBuilder.swift in Sources */ = {isa = PBXBuildFile; fileRef = 9D508FFB29C99E3E00F9EE5F /* MainBuilder.swift */; };
		9D508FFE29C9A1E500F9EE5F /* FounderPageRouter.swift in Sources */ = {isa = PBXBuildFile; fileRef = 9D508FFD29C9A1E500F9EE5F /* FounderPageRouter.swift */; };
		9D50900029C9D2FD00F9EE5F /* NotificationCenterNames.swift in Sources */ = {isa = PBXBuildFile; fileRef = 9D508FFF29C9D2FD00F9EE5F /* NotificationCenterNames.swift */; };
		9D50900229CB03CE00F9EE5F /* PlaylistTableView.swift in Sources */ = {isa = PBXBuildFile; fileRef = 9D50900129CB03CE00F9EE5F /* PlaylistTableView.swift */; };
		9D50900629CB071300F9EE5F /* PlaylistViewController.swift in Sources */ = {isa = PBXBuildFile; fileRef = 9D50900529CB071300F9EE5F /* PlaylistViewController.swift */; };
		9D50900829CB0A5400F9EE5F /* ViewModel.swift in Sources */ = {isa = PBXBuildFile; fileRef = 9D50900729CB0A5400F9EE5F /* ViewModel.swift */; };
		9D6E93D129C327470044A642 /* DataManager.swift in Sources */ = {isa = PBXBuildFile; fileRef = 9D6E93D029C327470044A642 /* DataManager.swift */; };
		9D6E93D329C328D60044A642 /* MediaDataManager.swift in Sources */ = {isa = PBXBuildFile; fileRef = 9D6E93D229C328D60044A642 /* MediaDataManager.swift */; };
		9D6E93D629C4374F0044A642 /* UserDefaultKeys.swift in Sources */ = {isa = PBXBuildFile; fileRef = 9D6E93D529C4374F0044A642 /* UserDefaultKeys.swift */; };
		9D6E93D929C438710044A642 /* MusicPlayer.swift in Sources */ = {isa = PBXBuildFile; fileRef = 9D6E93D829C438710044A642 /* MusicPlayer.swift */; };
		9D6E93DB29C43C600044A642 /* VideoFounderViewModel.swift in Sources */ = {isa = PBXBuildFile; fileRef = 9D6E93DA29C43C600044A642 /* VideoFounderViewModel.swift */; };
		9D6E93DD29C43DED0044A642 /* PlaylistViewModel.swift in Sources */ = {isa = PBXBuildFile; fileRef = 9D6E93DC29C43DED0044A642 /* PlaylistViewModel.swift */; };
		9D6E93E029C84DD40044A642 /* LibraryPageRouter.swift in Sources */ = {isa = PBXBuildFile; fileRef = 9D6E93DF29C84DD40044A642 /* LibraryPageRouter.swift */; };
		9D6E93E429C860D30044A642 /* ProgressCircleView.swift in Sources */ = {isa = PBXBuildFile; fileRef = 9D6E93E329C860D30044A642 /* ProgressCircleView.swift */; };
		9D6E93E629C873B40044A642 /* PlaylistCell.swift in Sources */ = {isa = PBXBuildFile; fileRef = 9D6E93E529C873B40044A642 /* PlaylistCell.swift */; };
		9D6E93E829C874640044A642 /* MediaFileCell.swift in Sources */ = {isa = PBXBuildFile; fileRef = 9D6E93E729C874640044A642 /* MediaFileCell.swift */; };
		9D6E93EA29C876740044A642 /* VideoFounderViewController.swift in Sources */ = {isa = PBXBuildFile; fileRef = 9D6E93E929C876740044A642 /* VideoFounderViewController.swift */; };
		9DA011C729C1B61E00962778 /* AppDelegate.swift in Sources */ = {isa = PBXBuildFile; fileRef = 9DA011C629C1B61E00962778 /* AppDelegate.swift */; };
		9DA011C929C1B61E00962778 /* SceneDelegate.swift in Sources */ = {isa = PBXBuildFile; fileRef = 9DA011C829C1B61E00962778 /* SceneDelegate.swift */; };
		9DA011CE29C1B61E00962778 /* Main.storyboard in Resources */ = {isa = PBXBuildFile; fileRef = 9DA011CC29C1B61E00962778 /* Main.storyboard */; };
		9DA011D129C1B61E00962778 /* YouOn.xcdatamodeld in Sources */ = {isa = PBXBuildFile; fileRef = 9DA011CF29C1B61E00962778 /* YouOn.xcdatamodeld */; };
		9DA011D329C1B61F00962778 /* Assets.xcassets in Resources */ = {isa = PBXBuildFile; fileRef = 9DA011D229C1B61F00962778 /* Assets.xcassets */; };
		9DA011D629C1B61F00962778 /* LaunchScreen.storyboard in Resources */ = {isa = PBXBuildFile; fileRef = 9DA011D429C1B61F00962778 /* LaunchScreen.storyboard */; };
		9DA011E129C1B61F00962778 /* YouOnTests.swift in Sources */ = {isa = PBXBuildFile; fileRef = 9DA011E029C1B61F00962778 /* YouOnTests.swift */; };
		9DA011EB29C1B61F00962778 /* YouOnUITests.swift in Sources */ = {isa = PBXBuildFile; fileRef = 9DA011EA29C1B61F00962778 /* YouOnUITests.swift */; };
		9DA011ED29C1B61F00962778 /* YouOnUITestsLaunchTests.swift in Sources */ = {isa = PBXBuildFile; fileRef = 9DA011EC29C1B61F00962778 /* YouOnUITestsLaunchTests.swift */; };
		9DA011FF29C21C0D00962778 /* MainRouter.swift in Sources */ = {isa = PBXBuildFile; fileRef = 9DA011FE29C21C0D00962778 /* MainRouter.swift */; };
		9DA0120129C21CB200962778 /* FounderPageBuilder.swift in Sources */ = {isa = PBXBuildFile; fileRef = 9DA0120029C21CB200962778 /* FounderPageBuilder.swift */; };
		9DA0120329C2297F00962778 /* MediaFileModel.swift in Sources */ = {isa = PBXBuildFile; fileRef = 9DA0120229C2297F00962778 /* MediaFileModel.swift */; };
		9DA0120529C22AA700962778 /* PlaylistModel.swift in Sources */ = {isa = PBXBuildFile; fileRef = 9DA0120429C22AA700962778 /* PlaylistModel.swift */; };
		9DA0120D29C2346A00962778 /* YTNetworkService.swift in Sources */ = {isa = PBXBuildFile; fileRef = 9DA0120C29C2346A00962778 /* YTNetworkService.swift */; };
		9DA0121229C239D100962778 /* Extensions.swift in Sources */ = {isa = PBXBuildFile; fileRef = 9DA0121129C239D100962778 /* Extensions.swift */; };
		9DA0121629C3037A00962778 /* MediaSaverService.swift in Sources */ = {isa = PBXBuildFile; fileRef = 9DA0121529C3037A00962778 /* MediaSaverService.swift */; };
		9DC4CB5B29CF9E2B0045D7F7 /* SelectMediaFilesTableView.swift in Sources */ = {isa = PBXBuildFile; fileRef = 9DC4CB5A29CF9E2B0045D7F7 /* SelectMediaFilesTableView.swift */; };
		C7B93FF1C9326C7EFD75352C /* Pods_YouOn_YouOnUITests.framework in Frameworks */ = {isa = PBXBuildFile; fileRef = 6227F66CB4FEA90CFE430489 /* Pods_YouOn_YouOnUITests.framework */; };
		E847D7C616F772C15E6A2083 /* Pods_YouOn.framework in Frameworks */ = {isa = PBXBuildFile; fileRef = DDB00ACF719B20B0C14EE296 /* Pods_YouOn.framework */; };
/* End PBXBuildFile section */

/* Begin PBXContainerItemProxy section */
		9DA011DD29C1B61F00962778 /* PBXContainerItemProxy */ = {
			isa = PBXContainerItemProxy;
			containerPortal = 9DA011BB29C1B61E00962778 /* Project object */;
			proxyType = 1;
			remoteGlobalIDString = 9DA011C229C1B61E00962778;
			remoteInfo = YouOn;
		};
		9DA011E729C1B61F00962778 /* PBXContainerItemProxy */ = {
			isa = PBXContainerItemProxy;
			containerPortal = 9DA011BB29C1B61E00962778 /* Project object */;
			proxyType = 1;
			remoteGlobalIDString = 9DA011C229C1B61E00962778;
			remoteInfo = YouOn;
		};
/* End PBXContainerItemProxy section */

/* Begin PBXFileReference section */
		0F425F0CBFB6198A89E21BA3 /* Pods_YouOnTests.framework */ = {isa = PBXFileReference; explicitFileType = wrapper.framework; includeInIndex = 0; path = Pods_YouOnTests.framework; sourceTree = BUILT_PRODUCTS_DIR; };
		466B810B7DF8D6DA7EB3AB2B /* Pods-YouOn.debug.xcconfig */ = {isa = PBXFileReference; includeInIndex = 1; lastKnownFileType = text.xcconfig; name = "Pods-YouOn.debug.xcconfig"; path = "Target Support Files/Pods-YouOn/Pods-YouOn.debug.xcconfig"; sourceTree = "<group>"; };
		51868B296C67C660B4A61189 /* Pods-YouOn-YouOnUITests.debug.xcconfig */ = {isa = PBXFileReference; includeInIndex = 1; lastKnownFileType = text.xcconfig; name = "Pods-YouOn-YouOnUITests.debug.xcconfig"; path = "Target Support Files/Pods-YouOn-YouOnUITests/Pods-YouOn-YouOnUITests.debug.xcconfig"; sourceTree = "<group>"; };
		6227F66CB4FEA90CFE430489 /* Pods_YouOn_YouOnUITests.framework */ = {isa = PBXFileReference; explicitFileType = wrapper.framework; includeInIndex = 0; path = Pods_YouOn_YouOnUITests.framework; sourceTree = BUILT_PRODUCTS_DIR; };
		6A3AC137E472C2427FBEE785 /* Pods-YouOn.release.xcconfig */ = {isa = PBXFileReference; includeInIndex = 1; lastKnownFileType = text.xcconfig; name = "Pods-YouOn.release.xcconfig"; path = "Target Support Files/Pods-YouOn/Pods-YouOn.release.xcconfig"; sourceTree = "<group>"; };
		768C78EB65BC3A5873C9D7C0 /* Pods-YouOnTests.debug.xcconfig */ = {isa = PBXFileReference; includeInIndex = 1; lastKnownFileType = text.xcconfig; name = "Pods-YouOnTests.debug.xcconfig"; path = "Target Support Files/Pods-YouOnTests/Pods-YouOnTests.debug.xcconfig"; sourceTree = "<group>"; };
		79B6D6A51CC935FBA7D81208 /* Pods-YouOn-YouOnUITests.release.xcconfig */ = {isa = PBXFileReference; includeInIndex = 1; lastKnownFileType = text.xcconfig; name = "Pods-YouOn-YouOnUITests.release.xcconfig"; path = "Target Support Files/Pods-YouOn-YouOnUITests/Pods-YouOn-YouOnUITests.release.xcconfig"; sourceTree = "<group>"; };
		8599946C2C54C1A4E27D368C /* Pods-YouOnTests.release.xcconfig */ = {isa = PBXFileReference; includeInIndex = 1; lastKnownFileType = text.xcconfig; name = "Pods-YouOnTests.release.xcconfig"; path = "Target Support Files/Pods-YouOnTests/Pods-YouOnTests.release.xcconfig"; sourceTree = "<group>"; };
		9D508FEF29C879DD00F9EE5F /* AllPlaylistsTableView.swift */ = {isa = PBXFileReference; lastKnownFileType = sourcecode.swift; path = AllPlaylistsTableView.swift; sourceTree = "<group>"; };
		9D508FF129C87A0D00F9EE5F /* BindableTableView.swift */ = {isa = PBXFileReference; lastKnownFileType = sourcecode.swift; path = BindableTableView.swift; sourceTree = "<group>"; };
		9D508FF329C8916F00F9EE5F /* LibraryViewController.swift */ = {isa = PBXFileReference; lastKnownFileType = sourcecode.swift; path = LibraryViewController.swift; sourceTree = "<group>"; };
		9D508FF529C893CF00F9EE5F /* LibraryViewModel.swift */ = {isa = PBXFileReference; lastKnownFileType = sourcecode.swift; path = LibraryViewModel.swift; sourceTree = "<group>"; };
		9D508FF729C8960000F9EE5F /* PlaylistSaverService.swift */ = {isa = PBXFileReference; lastKnownFileType = sourcecode.swift; path = PlaylistSaverService.swift; sourceTree = "<group>"; };
		9D508FF929C8981500F9EE5F /* LibraryPageBuilder.swift */ = {isa = PBXFileReference; lastKnownFileType = sourcecode.swift; path = LibraryPageBuilder.swift; sourceTree = "<group>"; };
		9D508FFB29C99E3E00F9EE5F /* MainBuilder.swift */ = {isa = PBXFileReference; lastKnownFileType = sourcecode.swift; path = MainBuilder.swift; sourceTree = "<group>"; };
		9D508FFD29C9A1E500F9EE5F /* FounderPageRouter.swift */ = {isa = PBXFileReference; lastKnownFileType = sourcecode.swift; path = FounderPageRouter.swift; sourceTree = "<group>"; };
		9D508FFF29C9D2FD00F9EE5F /* NotificationCenterNames.swift */ = {isa = PBXFileReference; lastKnownFileType = sourcecode.swift; path = NotificationCenterNames.swift; sourceTree = "<group>"; };
		9D50900129CB03CE00F9EE5F /* PlaylistTableView.swift */ = {isa = PBXFileReference; lastKnownFileType = sourcecode.swift; path = PlaylistTableView.swift; sourceTree = "<group>"; };
		9D50900529CB071300F9EE5F /* PlaylistViewController.swift */ = {isa = PBXFileReference; lastKnownFileType = sourcecode.swift; path = PlaylistViewController.swift; sourceTree = "<group>"; };
		9D50900729CB0A5400F9EE5F /* ViewModel.swift */ = {isa = PBXFileReference; lastKnownFileType = sourcecode.swift; path = ViewModel.swift; sourceTree = "<group>"; };
		9D6E93D029C327470044A642 /* DataManager.swift */ = {isa = PBXFileReference; lastKnownFileType = sourcecode.swift; path = DataManager.swift; sourceTree = "<group>"; };
		9D6E93D229C328D60044A642 /* MediaDataManager.swift */ = {isa = PBXFileReference; lastKnownFileType = sourcecode.swift; path = MediaDataManager.swift; sourceTree = "<group>"; };
		9D6E93D529C4374F0044A642 /* UserDefaultKeys.swift */ = {isa = PBXFileReference; lastKnownFileType = sourcecode.swift; path = UserDefaultKeys.swift; sourceTree = "<group>"; };
		9D6E93D829C438710044A642 /* MusicPlayer.swift */ = {isa = PBXFileReference; lastKnownFileType = sourcecode.swift; path = MusicPlayer.swift; sourceTree = "<group>"; };
		9D6E93DA29C43C600044A642 /* VideoFounderViewModel.swift */ = {isa = PBXFileReference; lastKnownFileType = sourcecode.swift; path = VideoFounderViewModel.swift; sourceTree = "<group>"; };
		9D6E93DC29C43DED0044A642 /* PlaylistViewModel.swift */ = {isa = PBXFileReference; lastKnownFileType = sourcecode.swift; path = PlaylistViewModel.swift; sourceTree = "<group>"; };
		9D6E93DF29C84DD40044A642 /* LibraryPageRouter.swift */ = {isa = PBXFileReference; lastKnownFileType = sourcecode.swift; path = LibraryPageRouter.swift; sourceTree = "<group>"; };
		9D6E93E329C860D30044A642 /* ProgressCircleView.swift */ = {isa = PBXFileReference; lastKnownFileType = sourcecode.swift; path = ProgressCircleView.swift; sourceTree = "<group>"; };
		9D6E93E529C873B40044A642 /* PlaylistCell.swift */ = {isa = PBXFileReference; lastKnownFileType = sourcecode.swift; path = PlaylistCell.swift; sourceTree = "<group>"; };
		9D6E93E729C874640044A642 /* MediaFileCell.swift */ = {isa = PBXFileReference; lastKnownFileType = sourcecode.swift; path = MediaFileCell.swift; sourceTree = "<group>"; };
		9D6E93E929C876740044A642 /* VideoFounderViewController.swift */ = {isa = PBXFileReference; lastKnownFileType = sourcecode.swift; path = VideoFounderViewController.swift; sourceTree = "<group>"; };
		9DA011C329C1B61E00962778 /* YouOn.app */ = {isa = PBXFileReference; explicitFileType = wrapper.application; includeInIndex = 0; path = YouOn.app; sourceTree = BUILT_PRODUCTS_DIR; };
		9DA011C629C1B61E00962778 /* AppDelegate.swift */ = {isa = PBXFileReference; lastKnownFileType = sourcecode.swift; path = AppDelegate.swift; sourceTree = "<group>"; };
		9DA011C829C1B61E00962778 /* SceneDelegate.swift */ = {isa = PBXFileReference; lastKnownFileType = sourcecode.swift; path = SceneDelegate.swift; sourceTree = "<group>"; };
		9DA011CD29C1B61E00962778 /* Base */ = {isa = PBXFileReference; lastKnownFileType = file.storyboard; name = Base; path = Base.lproj/Main.storyboard; sourceTree = "<group>"; };
		9DA011D029C1B61E00962778 /* YouOn.xcdatamodel */ = {isa = PBXFileReference; lastKnownFileType = wrapper.xcdatamodel; path = YouOn.xcdatamodel; sourceTree = "<group>"; };
		9DA011D229C1B61F00962778 /* Assets.xcassets */ = {isa = PBXFileReference; lastKnownFileType = folder.assetcatalog; path = Assets.xcassets; sourceTree = "<group>"; };
		9DA011D529C1B61F00962778 /* Base */ = {isa = PBXFileReference; lastKnownFileType = file.storyboard; name = Base; path = Base.lproj/LaunchScreen.storyboard; sourceTree = "<group>"; };
		9DA011D729C1B61F00962778 /* Info.plist */ = {isa = PBXFileReference; lastKnownFileType = text.plist.xml; path = Info.plist; sourceTree = "<group>"; };
		9DA011DC29C1B61F00962778 /* YouOnTests.xctest */ = {isa = PBXFileReference; explicitFileType = wrapper.cfbundle; includeInIndex = 0; path = YouOnTests.xctest; sourceTree = BUILT_PRODUCTS_DIR; };
		9DA011E029C1B61F00962778 /* YouOnTests.swift */ = {isa = PBXFileReference; lastKnownFileType = sourcecode.swift; path = YouOnTests.swift; sourceTree = "<group>"; };
		9DA011E629C1B61F00962778 /* YouOnUITests.xctest */ = {isa = PBXFileReference; explicitFileType = wrapper.cfbundle; includeInIndex = 0; path = YouOnUITests.xctest; sourceTree = BUILT_PRODUCTS_DIR; };
		9DA011EA29C1B61F00962778 /* YouOnUITests.swift */ = {isa = PBXFileReference; lastKnownFileType = sourcecode.swift; path = YouOnUITests.swift; sourceTree = "<group>"; };
		9DA011EC29C1B61F00962778 /* YouOnUITestsLaunchTests.swift */ = {isa = PBXFileReference; lastKnownFileType = sourcecode.swift; path = YouOnUITestsLaunchTests.swift; sourceTree = "<group>"; };
		9DA011FE29C21C0D00962778 /* MainRouter.swift */ = {isa = PBXFileReference; lastKnownFileType = sourcecode.swift; path = MainRouter.swift; sourceTree = "<group>"; };
		9DA0120029C21CB200962778 /* FounderPageBuilder.swift */ = {isa = PBXFileReference; lastKnownFileType = sourcecode.swift; path = FounderPageBuilder.swift; sourceTree = "<group>"; };
		9DA0120229C2297F00962778 /* MediaFileModel.swift */ = {isa = PBXFileReference; lastKnownFileType = sourcecode.swift; path = MediaFileModel.swift; sourceTree = "<group>"; };
		9DA0120429C22AA700962778 /* PlaylistModel.swift */ = {isa = PBXFileReference; lastKnownFileType = sourcecode.swift; path = PlaylistModel.swift; sourceTree = "<group>"; };
		9DA0120C29C2346A00962778 /* YTNetworkService.swift */ = {isa = PBXFileReference; lastKnownFileType = sourcecode.swift; path = YTNetworkService.swift; sourceTree = "<group>"; };
		9DA0121129C239D100962778 /* Extensions.swift */ = {isa = PBXFileReference; lastKnownFileType = sourcecode.swift; path = Extensions.swift; sourceTree = "<group>"; };
		9DA0121529C3037A00962778 /* MediaSaverService.swift */ = {isa = PBXFileReference; lastKnownFileType = sourcecode.swift; path = MediaSaverService.swift; sourceTree = "<group>"; };
		9DC4CB5A29CF9E2B0045D7F7 /* SelectMediaFilesTableView.swift */ = {isa = PBXFileReference; lastKnownFileType = sourcecode.swift; path = SelectMediaFilesTableView.swift; sourceTree = "<group>"; };
		DDB00ACF719B20B0C14EE296 /* Pods_YouOn.framework */ = {isa = PBXFileReference; explicitFileType = wrapper.framework; includeInIndex = 0; path = Pods_YouOn.framework; sourceTree = BUILT_PRODUCTS_DIR; };
/* End PBXFileReference section */

/* Begin PBXFrameworksBuildPhase section */
		9DA011C029C1B61E00962778 /* Frameworks */ = {
			isa = PBXFrameworksBuildPhase;
			buildActionMask = 2147483647;
			files = (
				E847D7C616F772C15E6A2083 /* Pods_YouOn.framework in Frameworks */,
				9D508FEE29C8789300F9EE5F /* XCDYouTubeKit in Frameworks */,
			);
			runOnlyForDeploymentPostprocessing = 0;
		};
		9DA011D929C1B61F00962778 /* Frameworks */ = {
			isa = PBXFrameworksBuildPhase;
			buildActionMask = 2147483647;
			files = (
				2632501A5802B62DE7836783 /* Pods_YouOnTests.framework in Frameworks */,
			);
			runOnlyForDeploymentPostprocessing = 0;
		};
		9DA011E329C1B61F00962778 /* Frameworks */ = {
			isa = PBXFrameworksBuildPhase;
			buildActionMask = 2147483647;
			files = (
				C7B93FF1C9326C7EFD75352C /* Pods_YouOn_YouOnUITests.framework in Frameworks */,
			);
			runOnlyForDeploymentPostprocessing = 0;
		};
/* End PBXFrameworksBuildPhase section */

/* Begin PBXGroup section */
		9D50900329CB05E300F9EE5F /* TableViews */ = {
			isa = PBXGroup;
			children = (
				9D50900129CB03CE00F9EE5F /* PlaylistTableView.swift */,
				9D508FEF29C879DD00F9EE5F /* AllPlaylistsTableView.swift */,
				9DC4CB5A29CF9E2B0045D7F7 /* SelectMediaFilesTableView.swift */,
			);
			path = TableViews;
			sourceTree = "<group>";
		};
		9D50900429CB05F000F9EE5F /* Generics */ = {
			isa = PBXGroup;
			children = (
				9D508FF129C87A0D00F9EE5F /* BindableTableView.swift */,
			);
			path = Generics;
			sourceTree = "<group>";
		};
		9D6E93D429C4373F0044A642 /* Storages */ = {
			isa = PBXGroup;
			children = (
				9D6E93D529C4374F0044A642 /* UserDefaultKeys.swift */,
				9D508FFF29C9D2FD00F9EE5F /* NotificationCenterNames.swift */,
			);
			path = Storages;
			sourceTree = "<group>";
		};
		9D6E93D729C438640044A642 /* Players */ = {
			isa = PBXGroup;
			children = (
				9D6E93D829C438710044A642 /* MusicPlayer.swift */,
			);
			path = Players;
			sourceTree = "<group>";
		};
		9D6E93E129C860540044A642 /* Widgets */ = {
			isa = PBXGroup;
			children = (
				9D50900429CB05F000F9EE5F /* Generics */,
				9D50900329CB05E300F9EE5F /* TableViews */,
				9D6E93E329C860D30044A642 /* ProgressCircleView.swift */,
				9D6E93E529C873B40044A642 /* PlaylistCell.swift */,
				9D6E93E729C874640044A642 /* MediaFileCell.swift */,
			);
			path = Widgets;
			sourceTree = "<group>";
		};
		9D6E93E229C8605E0044A642 /* Controllers */ = {
			isa = PBXGroup;
			children = (
				9D6E93E929C876740044A642 /* VideoFounderViewController.swift */,
				9D508FF329C8916F00F9EE5F /* LibraryViewController.swift */,
				9D50900529CB071300F9EE5F /* PlaylistViewController.swift */,
			);
			path = Controllers;
			sourceTree = "<group>";
		};
		9DA011BA29C1B61E00962778 = {
			isa = PBXGroup;
			children = (
				9DA011C529C1B61E00962778 /* YouOn */,
				9DA011DF29C1B61F00962778 /* YouOnTests */,
				9DA011E929C1B61F00962778 /* YouOnUITests */,
				9DA011C429C1B61E00962778 /* Products */,
				DF0BAC957C55FBF5B2BDB5CB /* Pods */,
				B2D5C0075E60B034E8A3F0EB /* Frameworks */,
			);
			sourceTree = "<group>";
		};
		9DA011C429C1B61E00962778 /* Products */ = {
			isa = PBXGroup;
			children = (
				9DA011C329C1B61E00962778 /* YouOn.app */,
				9DA011DC29C1B61F00962778 /* YouOnTests.xctest */,
				9DA011E629C1B61F00962778 /* YouOnUITests.xctest */,
			);
			name = Products;
			sourceTree = "<group>";
		};
		9DA011C529C1B61E00962778 /* YouOn */ = {
			isa = PBXGroup;
			children = (
				9DA011FD29C21BFD00962778 /* ViewModels */,
				9DA011FC29C21BF900962778 /* Models */,
				9DA011FB29C21BF500962778 /* Views */,
				9DA011FA29C21BE300962778 /* Builders */,
				9DA011F929C21BDC00962778 /* Routers */,
				9DA011C629C1B61E00962778 /* AppDelegate.swift */,
				9DA011C829C1B61E00962778 /* SceneDelegate.swift */,
				9DA011CC29C1B61E00962778 /* Main.storyboard */,
				9DA011D229C1B61F00962778 /* Assets.xcassets */,
				9DA011D429C1B61F00962778 /* LaunchScreen.storyboard */,
				9DA011D729C1B61F00962778 /* Info.plist */,
				9DA011CF29C1B61E00962778 /* YouOn.xcdatamodeld */,
				9DA0121129C239D100962778 /* Extensions.swift */,
			);
			path = YouOn;
			sourceTree = "<group>";
		};
		9DA011DF29C1B61F00962778 /* YouOnTests */ = {
			isa = PBXGroup;
			children = (
				9DA011E029C1B61F00962778 /* YouOnTests.swift */,
			);
			path = YouOnTests;
			sourceTree = "<group>";
		};
		9DA011E929C1B61F00962778 /* YouOnUITests */ = {
			isa = PBXGroup;
			children = (
				9DA011EA29C1B61F00962778 /* YouOnUITests.swift */,
				9DA011EC29C1B61F00962778 /* YouOnUITestsLaunchTests.swift */,
			);
			path = YouOnUITests;
			sourceTree = "<group>";
		};
		9DA011F929C21BDC00962778 /* Routers */ = {
			isa = PBXGroup;
			children = (
				9DA011FE29C21C0D00962778 /* MainRouter.swift */,
				9D6E93DF29C84DD40044A642 /* LibraryPageRouter.swift */,
				9D508FFD29C9A1E500F9EE5F /* FounderPageRouter.swift */,
			);
			path = Routers;
			sourceTree = "<group>";
		};
		9DA011FA29C21BE300962778 /* Builders */ = {
			isa = PBXGroup;
			children = (
				9DA0120029C21CB200962778 /* FounderPageBuilder.swift */,
				9D508FF929C8981500F9EE5F /* LibraryPageBuilder.swift */,
				9D508FFB29C99E3E00F9EE5F /* MainBuilder.swift */,
			);
			path = Builders;
			sourceTree = "<group>";
		};
		9DA011FB29C21BF500962778 /* Views */ = {
			isa = PBXGroup;
			children = (
				9D6E93E229C8605E0044A642 /* Controllers */,
				9D6E93E129C860540044A642 /* Widgets */,
			);
			path = Views;
			sourceTree = "<group>";
		};
		9DA011FC29C21BF900962778 /* Models */ = {
			isa = PBXGroup;
			children = (
				9D6E93D429C4373F0044A642 /* Storages */,
				9DA0120B29C2345E00962778 /* Services */,
				9DA0120229C2297F00962778 /* MediaFileModel.swift */,
				9DA0120429C22AA700962778 /* PlaylistModel.swift */,
			);
			path = Models;
			sourceTree = "<group>";
		};
		9DA011FD29C21BFD00962778 /* ViewModels */ = {
			isa = PBXGroup;
			children = (
				9D6E93DA29C43C600044A642 /* VideoFounderViewModel.swift */,
				9D6E93DC29C43DED0044A642 /* PlaylistViewModel.swift */,
				9D508FF529C893CF00F9EE5F /* LibraryViewModel.swift */,
				9D50900729CB0A5400F9EE5F /* ViewModel.swift */,
			);
			path = ViewModels;
			sourceTree = "<group>";
		};
		9DA0120B29C2345E00962778 /* Services */ = {
			isa = PBXGroup;
			children = (
				9D6E93D729C438640044A642 /* Players */,
				9DA0120C29C2346A00962778 /* YTNetworkService.swift */,
				9DA0121529C3037A00962778 /* MediaSaverService.swift */,
				9D6E93D029C327470044A642 /* DataManager.swift */,
				9D6E93D229C328D60044A642 /* MediaDataManager.swift */,
				9D508FF729C8960000F9EE5F /* PlaylistSaverService.swift */,
			);
			path = Services;
			sourceTree = "<group>";
		};
		B2D5C0075E60B034E8A3F0EB /* Frameworks */ = {
			isa = PBXGroup;
			children = (
				DDB00ACF719B20B0C14EE296 /* Pods_YouOn.framework */,
				6227F66CB4FEA90CFE430489 /* Pods_YouOn_YouOnUITests.framework */,
				0F425F0CBFB6198A89E21BA3 /* Pods_YouOnTests.framework */,
			);
			name = Frameworks;
			sourceTree = "<group>";
		};
		DF0BAC957C55FBF5B2BDB5CB /* Pods */ = {
			isa = PBXGroup;
			children = (
				466B810B7DF8D6DA7EB3AB2B /* Pods-YouOn.debug.xcconfig */,
				6A3AC137E472C2427FBEE785 /* Pods-YouOn.release.xcconfig */,
				51868B296C67C660B4A61189 /* Pods-YouOn-YouOnUITests.debug.xcconfig */,
				79B6D6A51CC935FBA7D81208 /* Pods-YouOn-YouOnUITests.release.xcconfig */,
				768C78EB65BC3A5873C9D7C0 /* Pods-YouOnTests.debug.xcconfig */,
				8599946C2C54C1A4E27D368C /* Pods-YouOnTests.release.xcconfig */,
			);
			path = Pods;
			sourceTree = "<group>";
		};
/* End PBXGroup section */

/* Begin PBXNativeTarget section */
		9DA011C229C1B61E00962778 /* YouOn */ = {
			isa = PBXNativeTarget;
			buildConfigurationList = 9DA011F029C1B61F00962778 /* Build configuration list for PBXNativeTarget "YouOn" */;
			buildPhases = (
				20A5F1D9E1E6A34413C25A25 /* [CP] Check Pods Manifest.lock */,
				9DA011BF29C1B61E00962778 /* Sources */,
				9DA011C029C1B61E00962778 /* Frameworks */,
				9DA011C129C1B61E00962778 /* Resources */,
				56BC0DA3C54F2DE1B9C49271 /* [CP] Embed Pods Frameworks */,
			);
			buildRules = (
			);
			dependencies = (
			);
			name = YouOn;
			packageProductDependencies = (
				9D508FED29C8789300F9EE5F /* XCDYouTubeKit */,
			);
			productName = YouOn;
			productReference = 9DA011C329C1B61E00962778 /* YouOn.app */;
			productType = "com.apple.product-type.application";
		};
		9DA011DB29C1B61F00962778 /* YouOnTests */ = {
			isa = PBXNativeTarget;
			buildConfigurationList = 9DA011F329C1B61F00962778 /* Build configuration list for PBXNativeTarget "YouOnTests" */;
			buildPhases = (
				CFE05A4D331FEF9075D9E4BC /* [CP] Check Pods Manifest.lock */,
				9DA011D829C1B61F00962778 /* Sources */,
				9DA011D929C1B61F00962778 /* Frameworks */,
				9DA011DA29C1B61F00962778 /* Resources */,
			);
			buildRules = (
			);
			dependencies = (
				9DA011DE29C1B61F00962778 /* PBXTargetDependency */,
			);
			name = YouOnTests;
			productName = YouOnTests;
			productReference = 9DA011DC29C1B61F00962778 /* YouOnTests.xctest */;
			productType = "com.apple.product-type.bundle.unit-test";
		};
		9DA011E529C1B61F00962778 /* YouOnUITests */ = {
			isa = PBXNativeTarget;
			buildConfigurationList = 9DA011F629C1B61F00962778 /* Build configuration list for PBXNativeTarget "YouOnUITests" */;
			buildPhases = (
				4A62216901C416B49A8B8D78 /* [CP] Check Pods Manifest.lock */,
				9DA011E229C1B61F00962778 /* Sources */,
				9DA011E329C1B61F00962778 /* Frameworks */,
				9DA011E429C1B61F00962778 /* Resources */,
				C3D622E30CC1D5381EDED727 /* [CP] Embed Pods Frameworks */,
			);
			buildRules = (
			);
			dependencies = (
				9DA011E829C1B61F00962778 /* PBXTargetDependency */,
			);
			name = YouOnUITests;
			productName = YouOnUITests;
			productReference = 9DA011E629C1B61F00962778 /* YouOnUITests.xctest */;
			productType = "com.apple.product-type.bundle.ui-testing";
		};
/* End PBXNativeTarget section */

/* Begin PBXProject section */
		9DA011BB29C1B61E00962778 /* Project object */ = {
			isa = PBXProject;
			attributes = {
				BuildIndependentTargetsInParallel = 1;
				LastSwiftUpdateCheck = 1400;
				LastUpgradeCheck = 1400;
				TargetAttributes = {
					9DA011C229C1B61E00962778 = {
						CreatedOnToolsVersion = 14.0.1;
					};
					9DA011DB29C1B61F00962778 = {
						CreatedOnToolsVersion = 14.0.1;
						TestTargetID = 9DA011C229C1B61E00962778;
					};
					9DA011E529C1B61F00962778 = {
						CreatedOnToolsVersion = 14.0.1;
						TestTargetID = 9DA011C229C1B61E00962778;
					};
				};
			};
			buildConfigurationList = 9DA011BE29C1B61E00962778 /* Build configuration list for PBXProject "YouOn" */;
			compatibilityVersion = "Xcode 14.0";
			developmentRegion = en;
			hasScannedForEncodings = 0;
			knownRegions = (
				en,
				Base,
			);
			mainGroup = 9DA011BA29C1B61E00962778;
			packageReferences = (
				9D508FEC29C8789200F9EE5F /* XCRemoteSwiftPackageReference "XCDYouTubeKit" */,
			);
			productRefGroup = 9DA011C429C1B61E00962778 /* Products */;
			projectDirPath = "";
			projectRoot = "";
			targets = (
				9DA011C229C1B61E00962778 /* YouOn */,
				9DA011DB29C1B61F00962778 /* YouOnTests */,
				9DA011E529C1B61F00962778 /* YouOnUITests */,
			);
		};
/* End PBXProject section */

/* Begin PBXResourcesBuildPhase section */
		9DA011C129C1B61E00962778 /* Resources */ = {
			isa = PBXResourcesBuildPhase;
			buildActionMask = 2147483647;
			files = (
				9DA011D629C1B61F00962778 /* LaunchScreen.storyboard in Resources */,
				9DA011D329C1B61F00962778 /* Assets.xcassets in Resources */,
				9DA011CE29C1B61E00962778 /* Main.storyboard in Resources */,
			);
			runOnlyForDeploymentPostprocessing = 0;
		};
		9DA011DA29C1B61F00962778 /* Resources */ = {
			isa = PBXResourcesBuildPhase;
			buildActionMask = 2147483647;
			files = (
			);
			runOnlyForDeploymentPostprocessing = 0;
		};
		9DA011E429C1B61F00962778 /* Resources */ = {
			isa = PBXResourcesBuildPhase;
			buildActionMask = 2147483647;
			files = (
			);
			runOnlyForDeploymentPostprocessing = 0;
		};
/* End PBXResourcesBuildPhase section */

/* Begin PBXShellScriptBuildPhase section */
		20A5F1D9E1E6A34413C25A25 /* [CP] Check Pods Manifest.lock */ = {
			isa = PBXShellScriptBuildPhase;
			buildActionMask = 2147483647;
			files = (
			);
			inputFileListPaths = (
			);
			inputPaths = (
				"${PODS_PODFILE_DIR_PATH}/Podfile.lock",
				"${PODS_ROOT}/Manifest.lock",
			);
			name = "[CP] Check Pods Manifest.lock";
			outputFileListPaths = (
			);
			outputPaths = (
				"$(DERIVED_FILE_DIR)/Pods-YouOn-checkManifestLockResult.txt",
			);
			runOnlyForDeploymentPostprocessing = 0;
			shellPath = /bin/sh;
			shellScript = "diff \"${PODS_PODFILE_DIR_PATH}/Podfile.lock\" \"${PODS_ROOT}/Manifest.lock\" > /dev/null\nif [ $? != 0 ] ; then\n    # print error to STDERR\n    echo \"error: The sandbox is not in sync with the Podfile.lock. Run 'pod install' or update your CocoaPods installation.\" >&2\n    exit 1\nfi\n# This output is used by Xcode 'outputs' to avoid re-running this script phase.\necho \"SUCCESS\" > \"${SCRIPT_OUTPUT_FILE_0}\"\n";
			showEnvVarsInLog = 0;
		};
		4A62216901C416B49A8B8D78 /* [CP] Check Pods Manifest.lock */ = {
			isa = PBXShellScriptBuildPhase;
			buildActionMask = 2147483647;
			files = (
			);
			inputFileListPaths = (
			);
			inputPaths = (
				"${PODS_PODFILE_DIR_PATH}/Podfile.lock",
				"${PODS_ROOT}/Manifest.lock",
			);
			name = "[CP] Check Pods Manifest.lock";
			outputFileListPaths = (
			);
			outputPaths = (
				"$(DERIVED_FILE_DIR)/Pods-YouOn-YouOnUITests-checkManifestLockResult.txt",
			);
			runOnlyForDeploymentPostprocessing = 0;
			shellPath = /bin/sh;
			shellScript = "diff \"${PODS_PODFILE_DIR_PATH}/Podfile.lock\" \"${PODS_ROOT}/Manifest.lock\" > /dev/null\nif [ $? != 0 ] ; then\n    # print error to STDERR\n    echo \"error: The sandbox is not in sync with the Podfile.lock. Run 'pod install' or update your CocoaPods installation.\" >&2\n    exit 1\nfi\n# This output is used by Xcode 'outputs' to avoid re-running this script phase.\necho \"SUCCESS\" > \"${SCRIPT_OUTPUT_FILE_0}\"\n";
			showEnvVarsInLog = 0;
		};
		56BC0DA3C54F2DE1B9C49271 /* [CP] Embed Pods Frameworks */ = {
			isa = PBXShellScriptBuildPhase;
			buildActionMask = 2147483647;
			files = (
			);
			inputFileListPaths = (
				"${PODS_ROOT}/Target Support Files/Pods-YouOn/Pods-YouOn-frameworks-${CONFIGURATION}-input-files.xcfilelist",
			);
			name = "[CP] Embed Pods Frameworks";
			outputFileListPaths = (
				"${PODS_ROOT}/Target Support Files/Pods-YouOn/Pods-YouOn-frameworks-${CONFIGURATION}-output-files.xcfilelist",
			);
			runOnlyForDeploymentPostprocessing = 0;
			shellPath = /bin/sh;
			shellScript = "\"${PODS_ROOT}/Target Support Files/Pods-YouOn/Pods-YouOn-frameworks.sh\"\n";
			showEnvVarsInLog = 0;
		};
		C3D622E30CC1D5381EDED727 /* [CP] Embed Pods Frameworks */ = {
			isa = PBXShellScriptBuildPhase;
			buildActionMask = 2147483647;
			files = (
			);
			inputFileListPaths = (
				"${PODS_ROOT}/Target Support Files/Pods-YouOn-YouOnUITests/Pods-YouOn-YouOnUITests-frameworks-${CONFIGURATION}-input-files.xcfilelist",
			);
			name = "[CP] Embed Pods Frameworks";
			outputFileListPaths = (
				"${PODS_ROOT}/Target Support Files/Pods-YouOn-YouOnUITests/Pods-YouOn-YouOnUITests-frameworks-${CONFIGURATION}-output-files.xcfilelist",
			);
			runOnlyForDeploymentPostprocessing = 0;
			shellPath = /bin/sh;
			shellScript = "\"${PODS_ROOT}/Target Support Files/Pods-YouOn-YouOnUITests/Pods-YouOn-YouOnUITests-frameworks.sh\"\n";
			showEnvVarsInLog = 0;
		};
		CFE05A4D331FEF9075D9E4BC /* [CP] Check Pods Manifest.lock */ = {
			isa = PBXShellScriptBuildPhase;
			buildActionMask = 2147483647;
			files = (
			);
			inputFileListPaths = (
			);
			inputPaths = (
				"${PODS_PODFILE_DIR_PATH}/Podfile.lock",
				"${PODS_ROOT}/Manifest.lock",
			);
			name = "[CP] Check Pods Manifest.lock";
			outputFileListPaths = (
			);
			outputPaths = (
				"$(DERIVED_FILE_DIR)/Pods-YouOnTests-checkManifestLockResult.txt",
			);
			runOnlyForDeploymentPostprocessing = 0;
			shellPath = /bin/sh;
			shellScript = "diff \"${PODS_PODFILE_DIR_PATH}/Podfile.lock\" \"${PODS_ROOT}/Manifest.lock\" > /dev/null\nif [ $? != 0 ] ; then\n    # print error to STDERR\n    echo \"error: The sandbox is not in sync with the Podfile.lock. Run 'pod install' or update your CocoaPods installation.\" >&2\n    exit 1\nfi\n# This output is used by Xcode 'outputs' to avoid re-running this script phase.\necho \"SUCCESS\" > \"${SCRIPT_OUTPUT_FILE_0}\"\n";
			showEnvVarsInLog = 0;
		};
/* End PBXShellScriptBuildPhase section */

/* Begin PBXSourcesBuildPhase section */
		9DA011BF29C1B61E00962778 /* Sources */ = {
			isa = PBXSourcesBuildPhase;
			buildActionMask = 2147483647;
			files = (
				9D6E93DD29C43DED0044A642 /* PlaylistViewModel.swift in Sources */,
				9D6E93E029C84DD40044A642 /* LibraryPageRouter.swift in Sources */,
				9D508FFA29C8981500F9EE5F /* LibraryPageBuilder.swift in Sources */,
				9DA011FF29C21C0D00962778 /* MainRouter.swift in Sources */,
				9DA0121229C239D100962778 /* Extensions.swift in Sources */,
				9DA0120D29C2346A00962778 /* YTNetworkService.swift in Sources */,
				9D6E93D629C4374F0044A642 /* UserDefaultKeys.swift in Sources */,
				9D6E93D929C438710044A642 /* MusicPlayer.swift in Sources */,
				9D50900629CB071300F9EE5F /* PlaylistViewController.swift in Sources */,
				9D508FF829C8960000F9EE5F /* PlaylistSaverService.swift in Sources */,
				9D6E93E629C873B40044A642 /* PlaylistCell.swift in Sources */,
				9D508FF629C893CF00F9EE5F /* LibraryViewModel.swift in Sources */,
				9DA011D129C1B61E00962778 /* YouOn.xcdatamodeld in Sources */,
				9D50900229CB03CE00F9EE5F /* PlaylistTableView.swift in Sources */,
				9DA0120529C22AA700962778 /* PlaylistModel.swift in Sources */,
				9D508FF429C8916F00F9EE5F /* LibraryViewController.swift in Sources */,
				9D50900029C9D2FD00F9EE5F /* NotificationCenterNames.swift in Sources */,
				9D6E93EA29C876740044A642 /* VideoFounderViewController.swift in Sources */,
				9DA0120329C2297F00962778 /* MediaFileModel.swift in Sources */,
				9D508FF029C879DE00F9EE5F /* AllPlaylistsTableView.swift in Sources */,
				9DA0121629C3037A00962778 /* MediaSaverService.swift in Sources */,
				9DA0120129C21CB200962778 /* FounderPageBuilder.swift in Sources */,
				9DC4CB5B29CF9E2B0045D7F7 /* SelectMediaFilesTableView.swift in Sources */,
				9D508FFE29C9A1E500F9EE5F /* FounderPageRouter.swift in Sources */,
				9D6E93D129C327470044A642 /* DataManager.swift in Sources */,
				9D6E93E829C874640044A642 /* MediaFileCell.swift in Sources */,
				9D50900829CB0A5400F9EE5F /* ViewModel.swift in Sources */,
				9D508FF229C87A0D00F9EE5F /* BindableTableView.swift in Sources */,
				9D6E93E429C860D30044A642 /* ProgressCircleView.swift in Sources */,
				9D6E93DB29C43C600044A642 /* VideoFounderViewModel.swift in Sources */,
				9D508FFC29C99E3E00F9EE5F /* MainBuilder.swift in Sources */,
				9DA011C729C1B61E00962778 /* AppDelegate.swift in Sources */,
				9D6E93D329C328D60044A642 /* MediaDataManager.swift in Sources */,
				9DA011C929C1B61E00962778 /* SceneDelegate.swift in Sources */,
			);
			runOnlyForDeploymentPostprocessing = 0;
		};
		9DA011D829C1B61F00962778 /* Sources */ = {
			isa = PBXSourcesBuildPhase;
			buildActionMask = 2147483647;
			files = (
				9DA011E129C1B61F00962778 /* YouOnTests.swift in Sources */,
			);
			runOnlyForDeploymentPostprocessing = 0;
		};
		9DA011E229C1B61F00962778 /* Sources */ = {
			isa = PBXSourcesBuildPhase;
			buildActionMask = 2147483647;
			files = (
				9DA011EB29C1B61F00962778 /* YouOnUITests.swift in Sources */,
				9DA011ED29C1B61F00962778 /* YouOnUITestsLaunchTests.swift in Sources */,
			);
			runOnlyForDeploymentPostprocessing = 0;
		};
/* End PBXSourcesBuildPhase section */

/* Begin PBXTargetDependency section */
		9DA011DE29C1B61F00962778 /* PBXTargetDependency */ = {
			isa = PBXTargetDependency;
			target = 9DA011C229C1B61E00962778 /* YouOn */;
			targetProxy = 9DA011DD29C1B61F00962778 /* PBXContainerItemProxy */;
		};
		9DA011E829C1B61F00962778 /* PBXTargetDependency */ = {
			isa = PBXTargetDependency;
			target = 9DA011C229C1B61E00962778 /* YouOn */;
			targetProxy = 9DA011E729C1B61F00962778 /* PBXContainerItemProxy */;
		};
/* End PBXTargetDependency section */

/* Begin PBXVariantGroup section */
		9DA011CC29C1B61E00962778 /* Main.storyboard */ = {
			isa = PBXVariantGroup;
			children = (
				9DA011CD29C1B61E00962778 /* Base */,
			);
			name = Main.storyboard;
			sourceTree = "<group>";
		};
		9DA011D429C1B61F00962778 /* LaunchScreen.storyboard */ = {
			isa = PBXVariantGroup;
			children = (
				9DA011D529C1B61F00962778 /* Base */,
			);
			name = LaunchScreen.storyboard;
			sourceTree = "<group>";
		};
/* End PBXVariantGroup section */

/* Begin XCBuildConfiguration section */
		9DA011EE29C1B61F00962778 /* Debug */ = {
			isa = XCBuildConfiguration;
			buildSettings = {
				ALWAYS_SEARCH_USER_PATHS = NO;
				CLANG_ANALYZER_NONNULL = YES;
				CLANG_ANALYZER_NUMBER_OBJECT_CONVERSION = YES_AGGRESSIVE;
				CLANG_CXX_LANGUAGE_STANDARD = "gnu++20";
				CLANG_ENABLE_MODULES = YES;
				CLANG_ENABLE_OBJC_ARC = YES;
				CLANG_ENABLE_OBJC_WEAK = YES;
				CLANG_WARN_BLOCK_CAPTURE_AUTORELEASING = YES;
				CLANG_WARN_BOOL_CONVERSION = YES;
				CLANG_WARN_COMMA = YES;
				CLANG_WARN_CONSTANT_CONVERSION = YES;
				CLANG_WARN_DEPRECATED_OBJC_IMPLEMENTATIONS = YES;
				CLANG_WARN_DIRECT_OBJC_ISA_USAGE = YES_ERROR;
				CLANG_WARN_DOCUMENTATION_COMMENTS = YES;
				CLANG_WARN_EMPTY_BODY = YES;
				CLANG_WARN_ENUM_CONVERSION = YES;
				CLANG_WARN_INFINITE_RECURSION = YES;
				CLANG_WARN_INT_CONVERSION = YES;
				CLANG_WARN_NON_LITERAL_NULL_CONVERSION = YES;
				CLANG_WARN_OBJC_IMPLICIT_RETAIN_SELF = YES;
				CLANG_WARN_OBJC_LITERAL_CONVERSION = YES;
				CLANG_WARN_OBJC_ROOT_CLASS = YES_ERROR;
				CLANG_WARN_QUOTED_INCLUDE_IN_FRAMEWORK_HEADER = YES;
				CLANG_WARN_RANGE_LOOP_ANALYSIS = YES;
				CLANG_WARN_STRICT_PROTOTYPES = YES;
				CLANG_WARN_SUSPICIOUS_MOVE = YES;
				CLANG_WARN_UNGUARDED_AVAILABILITY = YES_AGGRESSIVE;
				CLANG_WARN_UNREACHABLE_CODE = YES;
				CLANG_WARN__DUPLICATE_METHOD_MATCH = YES;
				COPY_PHASE_STRIP = NO;
				DEBUG_INFORMATION_FORMAT = dwarf;
				ENABLE_STRICT_OBJC_MSGSEND = YES;
				ENABLE_TESTABILITY = YES;
				GCC_C_LANGUAGE_STANDARD = gnu11;
				GCC_DYNAMIC_NO_PIC = NO;
				GCC_NO_COMMON_BLOCKS = YES;
				GCC_OPTIMIZATION_LEVEL = 0;
				GCC_PREPROCESSOR_DEFINITIONS = (
					"DEBUG=1",
					"$(inherited)",
				);
				GCC_WARN_64_TO_32_BIT_CONVERSION = YES;
				GCC_WARN_ABOUT_RETURN_TYPE = YES_ERROR;
				GCC_WARN_UNDECLARED_SELECTOR = YES;
				GCC_WARN_UNINITIALIZED_AUTOS = YES_AGGRESSIVE;
				GCC_WARN_UNUSED_FUNCTION = YES;
				GCC_WARN_UNUSED_VARIABLE = YES;
				INFOPLIST_KEY_LSBackgroundOnly = NO;
				IPHONEOS_DEPLOYMENT_TARGET = 13;
				MTL_ENABLE_DEBUG_INFO = INCLUDE_SOURCE;
				MTL_FAST_MATH = YES;
				ONLY_ACTIVE_ARCH = YES;
				SDKROOT = iphoneos;
				SWIFT_ACTIVE_COMPILATION_CONDITIONS = DEBUG;
				SWIFT_OPTIMIZATION_LEVEL = "-Onone";
			};
			name = Debug;
		};
		9DA011EF29C1B61F00962778 /* Release */ = {
			isa = XCBuildConfiguration;
			buildSettings = {
				ALWAYS_SEARCH_USER_PATHS = NO;
				CLANG_ANALYZER_NONNULL = YES;
				CLANG_ANALYZER_NUMBER_OBJECT_CONVERSION = YES_AGGRESSIVE;
				CLANG_CXX_LANGUAGE_STANDARD = "gnu++20";
				CLANG_ENABLE_MODULES = YES;
				CLANG_ENABLE_OBJC_ARC = YES;
				CLANG_ENABLE_OBJC_WEAK = YES;
				CLANG_WARN_BLOCK_CAPTURE_AUTORELEASING = YES;
				CLANG_WARN_BOOL_CONVERSION = YES;
				CLANG_WARN_COMMA = YES;
				CLANG_WARN_CONSTANT_CONVERSION = YES;
				CLANG_WARN_DEPRECATED_OBJC_IMPLEMENTATIONS = YES;
				CLANG_WARN_DIRECT_OBJC_ISA_USAGE = YES_ERROR;
				CLANG_WARN_DOCUMENTATION_COMMENTS = YES;
				CLANG_WARN_EMPTY_BODY = YES;
				CLANG_WARN_ENUM_CONVERSION = YES;
				CLANG_WARN_INFINITE_RECURSION = YES;
				CLANG_WARN_INT_CONVERSION = YES;
				CLANG_WARN_NON_LITERAL_NULL_CONVERSION = YES;
				CLANG_WARN_OBJC_IMPLICIT_RETAIN_SELF = YES;
				CLANG_WARN_OBJC_LITERAL_CONVERSION = YES;
				CLANG_WARN_OBJC_ROOT_CLASS = YES_ERROR;
				CLANG_WARN_QUOTED_INCLUDE_IN_FRAMEWORK_HEADER = YES;
				CLANG_WARN_RANGE_LOOP_ANALYSIS = YES;
				CLANG_WARN_STRICT_PROTOTYPES = YES;
				CLANG_WARN_SUSPICIOUS_MOVE = YES;
				CLANG_WARN_UNGUARDED_AVAILABILITY = YES_AGGRESSIVE;
				CLANG_WARN_UNREACHABLE_CODE = YES;
				CLANG_WARN__DUPLICATE_METHOD_MATCH = YES;
				COPY_PHASE_STRIP = NO;
				DEBUG_INFORMATION_FORMAT = "dwarf-with-dsym";
				ENABLE_NS_ASSERTIONS = NO;
				ENABLE_STRICT_OBJC_MSGSEND = YES;
				GCC_C_LANGUAGE_STANDARD = gnu11;
				GCC_NO_COMMON_BLOCKS = YES;
				GCC_WARN_64_TO_32_BIT_CONVERSION = YES;
				GCC_WARN_ABOUT_RETURN_TYPE = YES_ERROR;
				GCC_WARN_UNDECLARED_SELECTOR = YES;
				GCC_WARN_UNINITIALIZED_AUTOS = YES_AGGRESSIVE;
				GCC_WARN_UNUSED_FUNCTION = YES;
				GCC_WARN_UNUSED_VARIABLE = YES;
				INFOPLIST_KEY_LSBackgroundOnly = NO;
				IPHONEOS_DEPLOYMENT_TARGET = 13;
				MTL_ENABLE_DEBUG_INFO = NO;
				MTL_FAST_MATH = YES;
				SDKROOT = iphoneos;
				SWIFT_COMPILATION_MODE = wholemodule;
				SWIFT_OPTIMIZATION_LEVEL = "-O";
				VALIDATE_PRODUCT = YES;
			};
			name = Release;
		};
		9DA011F129C1B61F00962778 /* Debug */ = {
			isa = XCBuildConfiguration;
			baseConfigurationReference = 466B810B7DF8D6DA7EB3AB2B /* Pods-YouOn.debug.xcconfig */;
			buildSettings = {
				ASSETCATALOG_COMPILER_APPICON_NAME = AppIcon;
				ASSETCATALOG_COMPILER_GLOBAL_ACCENT_COLOR_NAME = AccentColor;
				CODE_SIGN_STYLE = Automatic;
				CURRENT_PROJECT_VERSION = 1;
				DEVELOPMENT_TEAM = 9L9U8R4659;
				GENERATE_INFOPLIST_FILE = YES;
				INFOPLIST_FILE = YouOn/Info.plist;
				INFOPLIST_KEY_LSBackgroundOnly = YES;
				INFOPLIST_KEY_UIApplicationSupportsIndirectInputEvents = YES;
				INFOPLIST_KEY_UILaunchStoryboardName = LaunchScreen;
				INFOPLIST_KEY_UIMainStoryboardFile = Main;
				INFOPLIST_KEY_UISupportedInterfaceOrientations = UIInterfaceOrientationPortrait;
				IPHONEOS_DEPLOYMENT_TARGET = 13;
				LD_RUNPATH_SEARCH_PATHS = (
					"$(inherited)",
					"@executable_path/Frameworks",
				);
				MARKETING_VERSION = 1.0;
				PRODUCT_BUNDLE_IDENTIFIER = "-.YouOn";
				PRODUCT_NAME = "$(TARGET_NAME)";
				SWIFT_EMIT_LOC_STRINGS = YES;
				SWIFT_VERSION = 5.0;
				TARGETED_DEVICE_FAMILY = "1,2";
			};
			name = Debug;
		};
		9DA011F229C1B61F00962778 /* Release */ = {
			isa = XCBuildConfiguration;
			baseConfigurationReference = 6A3AC137E472C2427FBEE785 /* Pods-YouOn.release.xcconfig */;
			buildSettings = {
				ASSETCATALOG_COMPILER_APPICON_NAME = AppIcon;
				ASSETCATALOG_COMPILER_GLOBAL_ACCENT_COLOR_NAME = AccentColor;
				CODE_SIGN_STYLE = Automatic;
				CURRENT_PROJECT_VERSION = 1;
				DEVELOPMENT_TEAM = 9L9U8R4659;
				GENERATE_INFOPLIST_FILE = YES;
				INFOPLIST_FILE = YouOn/Info.plist;
				INFOPLIST_KEY_LSBackgroundOnly = YES;
				INFOPLIST_KEY_UIApplicationSupportsIndirectInputEvents = YES;
				INFOPLIST_KEY_UILaunchStoryboardName = LaunchScreen;
				INFOPLIST_KEY_UIMainStoryboardFile = Main;
				INFOPLIST_KEY_UISupportedInterfaceOrientations = UIInterfaceOrientationPortrait;
				IPHONEOS_DEPLOYMENT_TARGET = 13;
				LD_RUNPATH_SEARCH_PATHS = (
					"$(inherited)",
					"@executable_path/Frameworks",
				);
				MARKETING_VERSION = 1.0;
				PRODUCT_BUNDLE_IDENTIFIER = "-.YouOn";
				PRODUCT_NAME = "$(TARGET_NAME)";
				SWIFT_EMIT_LOC_STRINGS = YES;
				SWIFT_VERSION = 5.0;
				TARGETED_DEVICE_FAMILY = "1,2";
			};
			name = Release;
		};
		9DA011F429C1B61F00962778 /* Debug */ = {
			isa = XCBuildConfiguration;
			baseConfigurationReference = 768C78EB65BC3A5873C9D7C0 /* Pods-YouOnTests.debug.xcconfig */;
			buildSettings = {
				ALWAYS_EMBED_SWIFT_STANDARD_LIBRARIES = YES;
				BUNDLE_LOADER = "$(TEST_HOST)";
				CODE_SIGN_STYLE = Automatic;
				CURRENT_PROJECT_VERSION = 1;
				DEVELOPMENT_TEAM = 9L9U8R4659;
				GENERATE_INFOPLIST_FILE = YES;
				IPHONEOS_DEPLOYMENT_TARGET = 16.0;
				MARKETING_VERSION = 1.0;
				PRODUCT_BUNDLE_IDENTIFIER = "-.YouOnTests";
				PRODUCT_NAME = "$(TARGET_NAME)";
				SWIFT_EMIT_LOC_STRINGS = NO;
				SWIFT_VERSION = 5.0;
				TARGETED_DEVICE_FAMILY = "1,2";
				TEST_HOST = "$(BUILT_PRODUCTS_DIR)/YouOn.app/$(BUNDLE_EXECUTABLE_FOLDER_PATH)/YouOn";
			};
			name = Debug;
		};
		9DA011F529C1B61F00962778 /* Release */ = {
			isa = XCBuildConfiguration;
			baseConfigurationReference = 8599946C2C54C1A4E27D368C /* Pods-YouOnTests.release.xcconfig */;
			buildSettings = {
				ALWAYS_EMBED_SWIFT_STANDARD_LIBRARIES = YES;
				BUNDLE_LOADER = "$(TEST_HOST)";
				CODE_SIGN_STYLE = Automatic;
				CURRENT_PROJECT_VERSION = 1;
				DEVELOPMENT_TEAM = 9L9U8R4659;
				GENERATE_INFOPLIST_FILE = YES;
				IPHONEOS_DEPLOYMENT_TARGET = 16.0;
				MARKETING_VERSION = 1.0;
				PRODUCT_BUNDLE_IDENTIFIER = "-.YouOnTests";
				PRODUCT_NAME = "$(TARGET_NAME)";
				SWIFT_EMIT_LOC_STRINGS = NO;
				SWIFT_VERSION = 5.0;
				TARGETED_DEVICE_FAMILY = "1,2";
				TEST_HOST = "$(BUILT_PRODUCTS_DIR)/YouOn.app/$(BUNDLE_EXECUTABLE_FOLDER_PATH)/YouOn";
			};
			name = Release;
		};
		9DA011F729C1B61F00962778 /* Debug */ = {
			isa = XCBuildConfiguration;
			baseConfigurationReference = 51868B296C67C660B4A61189 /* Pods-YouOn-YouOnUITests.debug.xcconfig */;
			buildSettings = {
				ALWAYS_EMBED_SWIFT_STANDARD_LIBRARIES = YES;
				CODE_SIGN_STYLE = Automatic;
				CURRENT_PROJECT_VERSION = 1;
				DEVELOPMENT_TEAM = 9L9U8R4659;
				GENERATE_INFOPLIST_FILE = YES;
				MARKETING_VERSION = 1.0;
				PRODUCT_BUNDLE_IDENTIFIER = "-.YouOnUITests";
				PRODUCT_NAME = "$(TARGET_NAME)";
				SWIFT_EMIT_LOC_STRINGS = NO;
				SWIFT_VERSION = 5.0;
				TARGETED_DEVICE_FAMILY = "1,2";
				TEST_TARGET_NAME = YouOn;
			};
			name = Debug;
		};
		9DA011F829C1B61F00962778 /* Release */ = {
			isa = XCBuildConfiguration;
			baseConfigurationReference = 79B6D6A51CC935FBA7D81208 /* Pods-YouOn-YouOnUITests.release.xcconfig */;
			buildSettings = {
				ALWAYS_EMBED_SWIFT_STANDARD_LIBRARIES = YES;
				CODE_SIGN_STYLE = Automatic;
				CURRENT_PROJECT_VERSION = 1;
				DEVELOPMENT_TEAM = 9L9U8R4659;
				GENERATE_INFOPLIST_FILE = YES;
				MARKETING_VERSION = 1.0;
				PRODUCT_BUNDLE_IDENTIFIER = "-.YouOnUITests";
				PRODUCT_NAME = "$(TARGET_NAME)";
				SWIFT_EMIT_LOC_STRINGS = NO;
				SWIFT_VERSION = 5.0;
				TARGETED_DEVICE_FAMILY = "1,2";
				TEST_TARGET_NAME = YouOn;
			};
			name = Release;
		};
/* End XCBuildConfiguration section */

/* Begin XCConfigurationList section */
		9DA011BE29C1B61E00962778 /* Build configuration list for PBXProject "YouOn" */ = {
			isa = XCConfigurationList;
			buildConfigurations = (
				9DA011EE29C1B61F00962778 /* Debug */,
				9DA011EF29C1B61F00962778 /* Release */,
			);
			defaultConfigurationIsVisible = 0;
			defaultConfigurationName = Release;
		};
		9DA011F029C1B61F00962778 /* Build configuration list for PBXNativeTarget "YouOn" */ = {
			isa = XCConfigurationList;
			buildConfigurations = (
				9DA011F129C1B61F00962778 /* Debug */,
				9DA011F229C1B61F00962778 /* Release */,
			);
			defaultConfigurationIsVisible = 0;
			defaultConfigurationName = Release;
		};
		9DA011F329C1B61F00962778 /* Build configuration list for PBXNativeTarget "YouOnTests" */ = {
			isa = XCConfigurationList;
			buildConfigurations = (
				9DA011F429C1B61F00962778 /* Debug */,
				9DA011F529C1B61F00962778 /* Release */,
			);
			defaultConfigurationIsVisible = 0;
			defaultConfigurationName = Release;
		};
		9DA011F629C1B61F00962778 /* Build configuration list for PBXNativeTarget "YouOnUITests" */ = {
			isa = XCConfigurationList;
			buildConfigurations = (
				9DA011F729C1B61F00962778 /* Debug */,
				9DA011F829C1B61F00962778 /* Release */,
			);
			defaultConfigurationIsVisible = 0;
			defaultConfigurationName = Release;
		};
/* End XCConfigurationList section */

/* Begin XCRemoteSwiftPackageReference section */
		9D508FEC29C8789200F9EE5F /* XCRemoteSwiftPackageReference "XCDYouTubeKit" */ = {
			isa = XCRemoteSwiftPackageReference;
			repositoryURL = "https://github.com/kbex-dev/XCDYouTubeKit.git";
			requirement = {
				branch = master;
				kind = branch;
			};
		};
/* End XCRemoteSwiftPackageReference section */

/* Begin XCSwiftPackageProductDependency section */
		9D508FED29C8789300F9EE5F /* XCDYouTubeKit */ = {
			isa = XCSwiftPackageProductDependency;
			package = 9D508FEC29C8789200F9EE5F /* XCRemoteSwiftPackageReference "XCDYouTubeKit" */;
			productName = XCDYouTubeKit;
		};
/* End XCSwiftPackageProductDependency section */

/* Begin XCVersionGroup section */
		9DA011CF29C1B61E00962778 /* YouOn.xcdatamodeld */ = {
			isa = XCVersionGroup;
			children = (
				9DA011D029C1B61E00962778 /* YouOn.xcdatamodel */,
			);
			currentVersion = 9DA011D029C1B61E00962778 /* YouOn.xcdatamodel */;
			path = YouOn.xcdatamodeld;
			sourceTree = "<group>";
			versionGroupType = wrapper.xcdatamodel;
		};
/* End XCVersionGroup section */
	};
	rootObject = 9DA011BB29C1B61E00962778 /* Project object */;
}
