// !$*UTF8*$!
{
	archiveVersion = 1;
	classes = {
	};
	objectVersion = 56;
	objects = {

/* Begin PBXBuildFile section */
		9DA011C729C1B61E00962778 /* AppDelegate.swift in Sources */ = {isa = PBXBuildFile; fileRef = 9DA011C629C1B61E00962778 /* AppDelegate.swift */; };
		9DA011C929C1B61E00962778 /* SceneDelegate.swift in Sources */ = {isa = PBXBuildFile; fileRef = 9DA011C829C1B61E00962778 /* SceneDelegate.swift */; };
		9DA011CB29C1B61E00962778 /* ViewController.swift in Sources */ = {isa = PBXBuildFile; fileRef = 9DA011CA29C1B61E00962778 /* ViewController.swift */; };
		9DA011CE29C1B61E00962778 /* Main.storyboard in Resources */ = {isa = PBXBuildFile; fileRef = 9DA011CC29C1B61E00962778 /* Main.storyboard */; };
		9DA011D129C1B61E00962778 /* YouOn.xcdatamodeld in Sources */ = {isa = PBXBuildFile; fileRef = 9DA011CF29C1B61E00962778 /* YouOn.xcdatamodeld */; };
		9DA011D329C1B61F00962778 /* Assets.xcassets in Resources */ = {isa = PBXBuildFile; fileRef = 9DA011D229C1B61F00962778 /* Assets.xcassets */; };
		9DA011D629C1B61F00962778 /* LaunchScreen.storyboard in Resources */ = {isa = PBXBuildFile; fileRef = 9DA011D429C1B61F00962778 /* LaunchScreen.storyboard */; };
		9DA011E129C1B61F00962778 /* YouOnTests.swift in Sources */ = {isa = PBXBuildFile; fileRef = 9DA011E029C1B61F00962778 /* YouOnTests.swift */; };
		9DA011EB29C1B61F00962778 /* YouOnUITests.swift in Sources */ = {isa = PBXBuildFile; fileRef = 9DA011EA29C1B61F00962778 /* YouOnUITests.swift */; };
		9DA011ED29C1B61F00962778 /* YouOnUITestsLaunchTests.swift in Sources */ = {isa = PBXBuildFile; fileRef = 9DA011EC29C1B61F00962778 /* YouOnUITestsLaunchTests.swift */; };
/* End PBXBuildFile section */

/* Begin PBXContainerItemProxy section */
		9DA011DD29C1B61F00962778 /* PBXContainerItemProxy */ = {
			isa = PBXContainerItemProxy;
			containerPortal = 9DA011BB29C1B61E00962778 /* Project object */;
			proxyType = 1;
			remoteGlobalIDString = 9DA011C229C1B61E00962778;
			remoteInfo = YouOn;
		};
		9DA011E729C1B61F00962778 /* PBXContainerItemProxy */ = {
			isa = PBXContainerItemProxy;
			containerPortal = 9DA011BB29C1B61E00962778 /* Project object */;
			proxyType = 1;
			remoteGlobalIDString = 9DA011C229C1B61E00962778;
			remoteInfo = YouOn;
		};
/* End PBXContainerItemProxy section */

/* Begin PBXFileReference section */
		9DA011C329C1B61E00962778 /* YouOn.app */ = {isa = PBXFileReference; explicitFileType = wrapper.application; includeInIndex = 0; path = YouOn.app; sourceTree = BUILT_PRODUCTS_DIR; };
		9DA011C629C1B61E00962778 /* AppDelegate.swift */ = {isa = PBXFileReference; lastKnownFileType = sourcecode.swift; path = AppDelegate.swift; sourceTree = "<group>"; };
		9DA011C829C1B61E00962778 /* SceneDelegate.swift */ = {isa = PBXFileReference; lastKnownFileType = sourcecode.swift; path = SceneDelegate.swift; sourceTree = "<group>"; };
		9DA011CA29C1B61E00962778 /* ViewController.swift */ = {isa = PBXFileReference; lastKnownFileType = sourcecode.swift; path = ViewController.swift; sourceTree = "<group>"; };
		9DA011CD29C1B61E00962778 /* Base */ = {isa = PBXFileReference; lastKnownFileType = file.storyboard; name = Base; path = Base.lproj/Main.storyboard; sourceTree = "<group>"; };
		9DA011D029C1B61E00962778 /* YouOn.xcdatamodel */ = {isa = PBXFileReference; lastKnownFileType = wrapper.xcdatamodel; path = YouOn.xcdatamodel; sourceTree = "<group>"; };
		9DA011D229C1B61F00962778 /* Assets.xcassets */ = {isa = PBXFileReference; lastKnownFileType = folder.assetcatalog; path = Assets.xcassets; sourceTree = "<group>"; };
		9DA011D529C1B61F00962778 /* Base */ = {isa = PBXFileReference; lastKnownFileType = file.storyboard; name = Base; path = Base.lproj/LaunchScreen.storyboard; sourceTree = "<group>"; };
		9DA011D729C1B61F00962778 /* Info.plist */ = {isa = PBXFileReference; lastKnownFileType = text.plist.xml; path = Info.plist; sourceTree = "<group>"; };
		9DA011DC29C1B61F00962778 /* YouOnTests.xctest */ = {isa = PBXFileReference; explicitFileType = wrapper.cfbundle; includeInIndex = 0; path = YouOnTests.xctest; sourceTree = BUILT_PRODUCTS_DIR; };
		9DA011E029C1B61F00962778 /* YouOnTests.swift */ = {isa = PBXFileReference; lastKnownFileType = sourcecode.swift; path = YouOnTests.swift; sourceTree = "<group>"; };
		9DA011E629C1B61F00962778 /* YouOnUITests.xctest */ = {isa = PBXFileReference; explicitFileType = wrapper.cfbundle; includeInIndex = 0; path = YouOnUITests.xctest; sourceTree = BUILT_PRODUCTS_DIR; };
		9DA011EA29C1B61F00962778 /* YouOnUITests.swift */ = {isa = PBXFileReference; lastKnownFileType = sourcecode.swift; path = YouOnUITests.swift; sourceTree = "<group>"; };
		9DA011EC29C1B61F00962778 /* YouOnUITestsLaunchTests.swift */ = {isa = PBXFileReference; lastKnownFileType = sourcecode.swift; path = YouOnUITestsLaunchTests.swift; sourceTree = "<group>"; };
/* End PBXFileReference section */

/* Begin PBXFrameworksBuildPhase section */
		9DA011C029C1B61E00962778 /* Frameworks */ = {
			isa = PBXFrameworksBuildPhase;
			buildActionMask = 2147483647;
			files = (
			);
			runOnlyForDeploymentPostprocessing = 0;
		};
		9DA011D929C1B61F00962778 /* Frameworks */ = {
			isa = PBXFrameworksBuildPhase;
			buildActionMask = 2147483647;
			files = (
			);
			runOnlyForDeploymentPostprocessing = 0;
		};
		9DA011E329C1B61F00962778 /* Frameworks */ = {
			isa = PBXFrameworksBuildPhase;
			buildActionMask = 2147483647;
			files = (
			);
			runOnlyForDeploymentPostprocessing = 0;
		};
/* End PBXFrameworksBuildPhase section */

/* Begin PBXGroup section */
		9DA011BA29C1B61E00962778 = {
			isa = PBXGroup;
			children = (
				9DA011C529C1B61E00962778 /* YouOn */,
				9DA011DF29C1B61F00962778 /* YouOnTests */,
				9DA011E929C1B61F00962778 /* YouOnUITests */,
				9DA011C429C1B61E00962778 /* Products */,
			);
			sourceTree = "<group>";
		};
		9DA011C429C1B61E00962778 /* Products */ = {
			isa = PBXGroup;
			children = (
				9DA011C329C1B61E00962778 /* YouOn.app */,
				9DA011DC29C1B61F00962778 /* YouOnTests.xctest */,
				9DA011E629C1B61F00962778 /* YouOnUITests.xctest */,
			);
			name = Products;
			sourceTree = "<group>";
		};
		9DA011C529C1B61E00962778 /* YouOn */ = {
			isa = PBXGroup;
			children = (
				9DA011C629C1B61E00962778 /* AppDelegate.swift */,
				9DA011C829C1B61E00962778 /* SceneDelegate.swift */,
				9DA011CA29C1B61E00962778 /* ViewController.swift */,
				9DA011CC29C1B61E00962778 /* Main.storyboard */,
				9DA011D229C1B61F00962778 /* Assets.xcassets */,
				9DA011D429C1B61F00962778 /* LaunchScreen.storyboard */,
				9DA011D729C1B61F00962778 /* Info.plist */,
				9DA011CF29C1B61E00962778 /* YouOn.xcdatamodeld */,
			);
			path = YouOn;
			sourceTree = "<group>";
		};
		9DA011DF29C1B61F00962778 /* YouOnTests */ = {
			isa = PBXGroup;
			children = (
				9DA011E029C1B61F00962778 /* YouOnTests.swift */,
			);
			path = YouOnTests;
			sourceTree = "<group>";
		};
		9DA011E929C1B61F00962778 /* YouOnUITests */ = {
			isa = PBXGroup;
			children = (
				9DA011EA29C1B61F00962778 /* YouOnUITests.swift */,
				9DA011EC29C1B61F00962778 /* YouOnUITestsLaunchTests.swift */,
			);
			path = YouOnUITests;
			sourceTree = "<group>";
		};
/* End PBXGroup section */

/* Begin PBXNativeTarget section */
		9DA011C229C1B61E00962778 /* YouOn */ = {
			isa = PBXNativeTarget;
			buildConfigurationList = 9DA011F029C1B61F00962778 /* Build configuration list for PBXNativeTarget "YouOn" */;
			buildPhases = (
				9DA011BF29C1B61E00962778 /* Sources */,
				9DA011C029C1B61E00962778 /* Frameworks */,
				9DA011C129C1B61E00962778 /* Resources */,
			);
			buildRules = (
			);
			dependencies = (
			);
			name = YouOn;
			productName = YouOn;
			productReference = 9DA011C329C1B61E00962778 /* YouOn.app */;
			productType = "com.apple.product-type.application";
		};
		9DA011DB29C1B61F00962778 /* YouOnTests */ = {
			isa = PBXNativeTarget;
			buildConfigurationList = 9DA011F329C1B61F00962778 /* Build configuration list for PBXNativeTarget "YouOnTests" */;
			buildPhases = (
				9DA011D829C1B61F00962778 /* Sources */,
				9DA011D929C1B61F00962778 /* Frameworks */,
				9DA011DA29C1B61F00962778 /* Resources */,
			);
			buildRules = (
			);
			dependencies = (
				9DA011DE29C1B61F00962778 /* PBXTargetDependency */,
			);
			name = YouOnTests;
			productName = YouOnTests;
			productReference = 9DA011DC29C1B61F00962778 /* YouOnTests.xctest */;
			productType = "com.apple.product-type.bundle.unit-test";
		};
		9DA011E529C1B61F00962778 /* YouOnUITests */ = {
			isa = PBXNativeTarget;
			buildConfigurationList = 9DA011F629C1B61F00962778 /* Build configuration list for PBXNativeTarget "YouOnUITests" */;
			buildPhases = (
				9DA011E229C1B61F00962778 /* Sources */,
				9DA011E329C1B61F00962778 /* Frameworks */,
				9DA011E429C1B61F00962778 /* Resources */,
			);
			buildRules = (
			);
			dependencies = (
				9DA011E829C1B61F00962778 /* PBXTargetDependency */,
			);
			name = YouOnUITests;
			productName = YouOnUITests;
			productReference = 9DA011E629C1B61F00962778 /* YouOnUITests.xctest */;
			productType = "com.apple.product-type.bundle.ui-testing";
		};
/* End PBXNativeTarget section */

/* Begin PBXProject section */
		9DA011BB29C1B61E00962778 /* Project object */ = {
			isa = PBXProject;
			attributes = {
				BuildIndependentTargetsInParallel = 1;
				LastSwiftUpdateCheck = 1400;
				LastUpgradeCheck = 1400;
				TargetAttributes = {
					9DA011C229C1B61E00962778 = {
						CreatedOnToolsVersion = 14.0.1;
					};
					9DA011DB29C1B61F00962778 = {
						CreatedOnToolsVersion = 14.0.1;
						TestTargetID = 9DA011C229C1B61E00962778;
					};
					9DA011E529C1B61F00962778 = {
						CreatedOnToolsVersion = 14.0.1;
						TestTargetID = 9DA011C229C1B61E00962778;
					};
				};
			};
			buildConfigurationList = 9DA011BE29C1B61E00962778 /* Build configuration list for PBXProject "YouOn" */;
			compatibilityVersion = "Xcode 14.0";
			developmentRegion = en;
			hasScannedForEncodings = 0;
			knownRegions = (
				en,
				Base,
			);
			mainGroup = 9DA011BA29C1B61E00962778;
			productRefGroup = 9DA011C429C1B61E00962778 /* Products */;
			projectDirPath = "";
			projectRoot = "";
			targets = (
				9DA011C229C1B61E00962778 /* YouOn */,
				9DA011DB29C1B61F00962778 /* YouOnTests */,
				9DA011E529C1B61F00962778 /* YouOnUITests */,
			);
		};
/* End PBXProject section */

/* Begin PBXResourcesBuildPhase section */
		9DA011C129C1B61E00962778 /* Resources */ = {
			isa = PBXResourcesBuildPhase;
			buildActionMask = 2147483647;
			files = (
				9DA011D629C1B61F00962778 /* LaunchScreen.storyboard in Resources */,
				9DA011D329C1B61F00962778 /* Assets.xcassets in Resources */,
				9DA011CE29C1B61E00962778 /* Main.storyboard in Resources */,
			);
			runOnlyForDeploymentPostprocessing = 0;
		};
		9DA011DA29C1B61F00962778 /* Resources */ = {
			isa = PBXResourcesBuildPhase;
			buildActionMask = 2147483647;
			files = (
			);
			runOnlyForDeploymentPostprocessing = 0;
		};
		9DA011E429C1B61F00962778 /* Resources */ = {
			isa = PBXResourcesBuildPhase;
			buildActionMask = 2147483647;
			files = (
			);
			runOnlyForDeploymentPostprocessing = 0;
		};
/* End PBXResourcesBuildPhase section */

/* Begin PBXSourcesBuildPhase section */
		9DA011BF29C1B61E00962778 /* Sources */ = {
			isa = PBXSourcesBuildPhase;
			buildActionMask = 2147483647;
			files = (
				9DA011D129C1B61E00962778 /* YouOn.xcdatamodeld in Sources */,
				9DA011CB29C1B61E00962778 /* ViewController.swift in Sources */,
				9DA011C729C1B61E00962778 /* AppDelegate.swift in Sources */,
				9DA011C929C1B61E00962778 /* SceneDelegate.swift in Sources */,
			);
			runOnlyForDeploymentPostprocessing = 0;
		};
		9DA011D829C1B61F00962778 /* Sources */ = {
			isa = PBXSourcesBuildPhase;
			buildActionMask = 2147483647;
			files = (
				9DA011E129C1B61F00962778 /* YouOnTests.swift in Sources */,
			);
			runOnlyForDeploymentPostprocessing = 0;
		};
		9DA011E229C1B61F00962778 /* Sources */ = {
			isa = PBXSourcesBuildPhase;
			buildActionMask = 2147483647;
			files = (
				9DA011EB29C1B61F00962778 /* YouOnUITests.swift in Sources */,
				9DA011ED29C1B61F00962778 /* YouOnUITestsLaunchTests.swift in Sources */,
			);
			runOnlyForDeploymentPostprocessing = 0;
		};
/* End PBXSourcesBuildPhase section */

/* Begin PBXTargetDependency section */
		9DA011DE29C1B61F00962778 /* PBXTargetDependency */ = {
			isa = PBXTargetDependency;
			target = 9DA011C229C1B61E00962778 /* YouOn */;
			targetProxy = 9DA011DD29C1B61F00962778 /* PBXContainerItemProxy */;
		};
		9DA011E829C1B61F00962778 /* PBXTargetDependency */ = {
			isa = PBXTargetDependency;
			target = 9DA011C229C1B61E00962778 /* YouOn */;
			targetProxy = 9DA011E729C1B61F00962778 /* PBXContainerItemProxy */;
		};
/* End PBXTargetDependency section */

/* Begin PBXVariantGroup section */
		9DA011CC29C1B61E00962778 /* Main.storyboard */ = {
			isa = PBXVariantGroup;
			children = (
				9DA011CD29C1B61E00962778 /* Base */,
			);
			name = Main.storyboard;
			sourceTree = "<group>";
		};
		9DA011D429C1B61F00962778 /* LaunchScreen.storyboard */ = {
			isa = PBXVariantGroup;
			children = (
				9DA011D529C1B61F00962778 /* Base */,
			);
			name = LaunchScreen.storyboard;
			sourceTree = "<group>";
		};
/* End PBXVariantGroup section */

/* Begin XCBuildConfiguration section */
		9DA011EE29C1B61F00962778 /* Debug */ = {
			isa = XCBuildConfiguration;
			buildSettings = {
				ALWAYS_SEARCH_USER_PATHS = NO;
				CLANG_ANALYZER_NONNULL = YES;
				CLANG_ANALYZER_NUMBER_OBJECT_CONVERSION = YES_AGGRESSIVE;
				CLANG_CXX_LANGUAGE_STANDARD = "gnu++20";
				CLANG_ENABLE_MODULES = YES;
				CLANG_ENABLE_OBJC_ARC = YES;
				CLANG_ENABLE_OBJC_WEAK = YES;
				CLANG_WARN_BLOCK_CAPTURE_AUTORELEASING = YES;
				CLANG_WARN_BOOL_CONVERSION = YES;
				CLANG_WARN_COMMA = YES;
				CLANG_WARN_CONSTANT_CONVERSION = YES;
				CLANG_WARN_DEPRECATED_OBJC_IMPLEMENTATIONS = YES;
				CLANG_WARN_DIRECT_OBJC_ISA_USAGE = YES_ERROR;
				CLANG_WARN_DOCUMENTATION_COMMENTS = YES;
				CLANG_WARN_EMPTY_BODY = YES;
				CLANG_WARN_ENUM_CONVERSION = YES;
				CLANG_WARN_INFINITE_RECURSION = YES;
				CLANG_WARN_INT_CONVERSION = YES;
				CLANG_WARN_NON_LITERAL_NULL_CONVERSION = YES;
				CLANG_WARN_OBJC_IMPLICIT_RETAIN_SELF = YES;
				CLANG_WARN_OBJC_LITERAL_CONVERSION = YES;
				CLANG_WARN_OBJC_ROOT_CLASS = YES_ERROR;
				CLANG_WARN_QUOTED_INCLUDE_IN_FRAMEWORK_HEADER = YES;
				CLANG_WARN_RANGE_LOOP_ANALYSIS = YES;
				CLANG_WARN_STRICT_PROTOTYPES = YES;
				CLANG_WARN_SUSPICIOUS_MOVE = YES;
				CLANG_WARN_UNGUARDED_AVAILABILITY = YES_AGGRESSIVE;
				CLANG_WARN_UNREACHABLE_CODE = YES;
				CLANG_WARN__DUPLICATE_METHOD_MATCH = YES;
				COPY_PHASE_STRIP = NO;
				DEBUG_INFORMATION_FORMAT = dwarf;
				ENABLE_STRICT_OBJC_MSGSEND = YES;
				ENABLE_TESTABILITY = YES;
				GCC_C_LANGUAGE_STANDARD = gnu11;
				GCC_DYNAMIC_NO_PIC = NO;
				GCC_NO_COMMON_BLOCKS = YES;
				GCC_OPTIMIZATION_LEVEL = 0;
				GCC_PREPROCESSOR_DEFINITIONS = (
					"DEBUG=1",
					"$(inherited)",
				);
				GCC_WARN_64_TO_32_BIT_CONVERSION = YES;
				GCC_WARN_ABOUT_RETURN_TYPE = YES_ERROR;
				GCC_WARN_UNDECLARED_SELECTOR = YES;
				GCC_WARN_UNINITIALIZED_AUTOS = YES_AGGRESSIVE;
				GCC_WARN_UNUSED_FUNCTION = YES;
				GCC_WARN_UNUSED_VARIABLE = YES;
				IPHONEOS_DEPLOYMENT_TARGET = 16.0;
				MTL_ENABLE_DEBUG_INFO = INCLUDE_SOURCE;
				MTL_FAST_MATH = YES;
				ONLY_ACTIVE_ARCH = YES;
				SDKROOT = iphoneos;
				SWIFT_ACTIVE_COMPILATION_CONDITIONS = DEBUG;
				SWIFT_OPTIMIZATION_LEVEL = "-Onone";
			};
			name = Debug;
		};
		9DA011EF29C1B61F00962778 /* Release */ = {
			isa = XCBuildConfiguration;
			buildSettings = {
				ALWAYS_SEARCH_USER_PATHS = NO;
				CLANG_ANALYZER_NONNULL = YES;
				CLANG_ANALYZER_NUMBER_OBJECT_CONVERSION = YES_AGGRESSIVE;
				CLANG_CXX_LANGUAGE_STANDARD = "gnu++20";
				CLANG_ENABLE_MODULES = YES;
				CLANG_ENABLE_OBJC_ARC = YES;
				CLANG_ENABLE_OBJC_WEAK = YES;
				CLANG_WARN_BLOCK_CAPTURE_AUTORELEASING = YES;
				CLANG_WARN_BOOL_CONVERSION = YES;
				CLANG_WARN_COMMA = YES;
				CLANG_WARN_CONSTANT_CONVERSION = YES;
				CLANG_WARN_DEPRECATED_OBJC_IMPLEMENTATIONS = YES;
				CLANG_WARN_DIRECT_OBJC_ISA_USAGE = YES_ERROR;
				CLANG_WARN_DOCUMENTATION_COMMENTS = YES;
				CLANG_WARN_EMPTY_BODY = YES;
				CLANG_WARN_ENUM_CONVERSION = YES;
				CLANG_WARN_INFINITE_RECURSION = YES;
				CLANG_WARN_INT_CONVERSION = YES;
				CLANG_WARN_NON_LITERAL_NULL_CONVERSION = YES;
				CLANG_WARN_OBJC_IMPLICIT_RETAIN_SELF = YES;
				CLANG_WARN_OBJC_LITERAL_CONVERSION = YES;
				CLANG_WARN_OBJC_ROOT_CLASS = YES_ERROR;
				CLANG_WARN_QUOTED_INCLUDE_IN_FRAMEWORK_HEADER = YES;
				CLANG_WARN_RANGE_LOOP_ANALYSIS = YES;
				CLANG_WARN_STRICT_PROTOTYPES = YES;
				CLANG_WARN_SUSPICIOUS_MOVE = YES;
				CLANG_WARN_UNGUARDED_AVAILABILITY = YES_AGGRESSIVE;
				CLANG_WARN_UNREACHABLE_CODE = YES;
				CLANG_WARN__DUPLICATE_METHOD_MATCH = YES;
				COPY_PHASE_STRIP = NO;
				DEBUG_INFORMATION_FORMAT = "dwarf-with-dsym";
				ENABLE_NS_ASSERTIONS = NO;
				ENABLE_STRICT_OBJC_MSGSEND = YES;
				GCC_C_LANGUAGE_STANDARD = gnu11;
				GCC_NO_COMMON_BLOCKS = YES;
				GCC_WARN_64_TO_32_BIT_CONVERSION = YES;
				GCC_WARN_ABOUT_RETURN_TYPE = YES_ERROR;
				GCC_WARN_UNDECLARED_SELECTOR = YES;
				GCC_WARN_UNINITIALIZED_AUTOS = YES_AGGRESSIVE;
				GCC_WARN_UNUSED_FUNCTION = YES;
				GCC_WARN_UNUSED_VARIABLE = YES;
				IPHONEOS_DEPLOYMENT_TARGET = 16.0;
				MTL_ENABLE_DEBUG_INFO = NO;
				MTL_FAST_MATH = YES;
				SDKROOT = iphoneos;
				SWIFT_COMPILATION_MODE = wholemodule;
				SWIFT_OPTIMIZATION_LEVEL = "-O";
				VALIDATE_PRODUCT = YES;
			};
			name = Release;
		};
		9DA011F129C1B61F00962778 /* Debug */ = {
			isa = XCBuildConfiguration;
			buildSettings = {
				ASSETCATALOG_COMPILER_APPICON_NAME = AppIcon;
				ASSETCATALOG_COMPILER_GLOBAL_ACCENT_COLOR_NAME = AccentColor;
				CODE_SIGN_STYLE = Automatic;
				CURRENT_PROJECT_VERSION = 1;
				DEVELOPMENT_TEAM = 9L9U8R4659;
				GENERATE_INFOPLIST_FILE = YES;
				INFOPLIST_FILE = YouOn/Info.plist;
				INFOPLIST_KEY_UIApplicationSupportsIndirectInputEvents = YES;
				INFOPLIST_KEY_UILaunchStoryboardName = LaunchScreen;
				INFOPLIST_KEY_UIMainStoryboardFile = Main;
				INFOPLIST_KEY_UISupportedInterfaceOrientations_iPad = "UIInterfaceOrientationPortrait UIInterfaceOrientationPortraitUpsideDown UIInterfaceOrientationLandscapeLeft UIInterfaceOrientationLandscapeRight";
				INFOPLIST_KEY_UISupportedInterfaceOrientations_iPhone = "UIInterfaceOrientationPortrait UIInterfaceOrientationLandscapeLeft UIInterfaceOrientationLandscapeRight";
				LD_RUNPATH_SEARCH_PATHS = (
					"$(inherited)",
					"@executable_path/Frameworks",
				);
				MARKETING_VERSION = 1.0;
				PRODUCT_BUNDLE_IDENTIFIER = "-.YouOn";
				PRODUCT_NAME = "$(TARGET_NAME)";
				SWIFT_EMIT_LOC_STRINGS = YES;
				SWIFT_VERSION = 5.0;
				TARGETED_DEVICE_FAMILY = "1,2";
			};
			name = Debug;
		};
		9DA011F229C1B61F00962778 /* Release */ = {
			isa = XCBuildConfiguration;
			buildSettings = {
				ASSETCATALOG_COMPILER_APPICON_NAME = AppIcon;
				ASSETCATALOG_COMPILER_GLOBAL_ACCENT_COLOR_NAME = AccentColor;
				CODE_SIGN_STYLE = Automatic;
				CURRENT_PROJECT_VERSION = 1;
				DEVELOPMENT_TEAM = 9L9U8R4659;
				GENERATE_INFOPLIST_FILE = YES;
				INFOPLIST_FILE = YouOn/Info.plist;
				INFOPLIST_KEY_UIApplicationSupportsIndirectInputEvents = YES;
				INFOPLIST_KEY_UILaunchStoryboardName = LaunchScreen;
				INFOPLIST_KEY_UIMainStoryboardFile = Main;
				INFOPLIST_KEY_UISupportedInterfaceOrientations_iPad = "UIInterfaceOrientationPortrait UIInterfaceOrientationPortraitUpsideDown UIInterfaceOrientationLandscapeLeft UIInterfaceOrientationLandscapeRight";
				INFOPLIST_KEY_UISupportedInterfaceOrientations_iPhone = "UIInterfaceOrientationPortrait UIInterfaceOrientationLandscapeLeft UIInterfaceOrientationLandscapeRight";
				LD_RUNPATH_SEARCH_PATHS = (
					"$(inherited)",
					"@executable_path/Frameworks",
				);
				MARKETING_VERSION = 1.0;
				PRODUCT_BUNDLE_IDENTIFIER = "-.YouOn";
				PRODUCT_NAME = "$(TARGET_NAME)";
				SWIFT_EMIT_LOC_STRINGS = YES;
				SWIFT_VERSION = 5.0;
				TARGETED_DEVICE_FAMILY = "1,2";
			};
			name = Release;
		};
		9DA011F429C1B61F00962778 /* Debug */ = {
			isa = XCBuildConfiguration;
			buildSettings = {
				ALWAYS_EMBED_SWIFT_STANDARD_LIBRARIES = YES;
				BUNDLE_LOADER = "$(TEST_HOST)";
				CODE_SIGN_STYLE = Automatic;
				CURRENT_PROJECT_VERSION = 1;
				DEVELOPMENT_TEAM = 9L9U8R4659;
				GENERATE_INFOPLIST_FILE = YES;
				IPHONEOS_DEPLOYMENT_TARGET = 16.0;
				MARKETING_VERSION = 1.0;
				PRODUCT_BUNDLE_IDENTIFIER = "-.YouOnTests";
				PRODUCT_NAME = "$(TARGET_NAME)";
				SWIFT_EMIT_LOC_STRINGS = NO;
				SWIFT_VERSION = 5.0;
				TARGETED_DEVICE_FAMILY = "1,2";
				TEST_HOST = "$(BUILT_PRODUCTS_DIR)/YouOn.app/$(BUNDLE_EXECUTABLE_FOLDER_PATH)/YouOn";
			};
			name = Debug;
		};
		9DA011F529C1B61F00962778 /* Release */ = {
			isa = XCBuildConfiguration;
			buildSettings = {
				ALWAYS_EMBED_SWIFT_STANDARD_LIBRARIES = YES;
				BUNDLE_LOADER = "$(TEST_HOST)";
				CODE_SIGN_STYLE = Automatic;
				CURRENT_PROJECT_VERSION = 1;
				DEVELOPMENT_TEAM = 9L9U8R4659;
				GENERATE_INFOPLIST_FILE = YES;
				IPHONEOS_DEPLOYMENT_TARGET = 16.0;
				MARKETING_VERSION = 1.0;
				PRODUCT_BUNDLE_IDENTIFIER = "-.YouOnTests";
				PRODUCT_NAME = "$(TARGET_NAME)";
				SWIFT_EMIT_LOC_STRINGS = NO;
				SWIFT_VERSION = 5.0;
				TARGETED_DEVICE_FAMILY = "1,2";
				TEST_HOST = "$(BUILT_PRODUCTS_DIR)/YouOn.app/$(BUNDLE_EXECUTABLE_FOLDER_PATH)/YouOn";
			};
			name = Release;
		};
		9DA011F729C1B61F00962778 /* Debug */ = {
			isa = XCBuildConfiguration;
			buildSettings = {
				ALWAYS_EMBED_SWIFT_STANDARD_LIBRARIES = YES;
				CODE_SIGN_STYLE = Automatic;
				CURRENT_PROJECT_VERSION = 1;
				DEVELOPMENT_TEAM = 9L9U8R4659;
				GENERATE_INFOPLIST_FILE = YES;
				MARKETING_VERSION = 1.0;
				PRODUCT_BUNDLE_IDENTIFIER = "-.YouOnUITests";
				PRODUCT_NAME = "$(TARGET_NAME)";
				SWIFT_EMIT_LOC_STRINGS = NO;
				SWIFT_VERSION = 5.0;
				TARGETED_DEVICE_FAMILY = "1,2";
				TEST_TARGET_NAME = YouOn;
			};
			name = Debug;
		};
		9DA011F829C1B61F00962778 /* Release */ = {
			isa = XCBuildConfiguration;
			buildSettings = {
				ALWAYS_EMBED_SWIFT_STANDARD_LIBRARIES = YES;
				CODE_SIGN_STYLE = Automatic;
				CURRENT_PROJECT_VERSION = 1;
				DEVELOPMENT_TEAM = 9L9U8R4659;
				GENERATE_INFOPLIST_FILE = YES;
				MARKETING_VERSION = 1.0;
				PRODUCT_BUNDLE_IDENTIFIER = "-.YouOnUITests";
				PRODUCT_NAME = "$(TARGET_NAME)";
				SWIFT_EMIT_LOC_STRINGS = NO;
				SWIFT_VERSION = 5.0;
				TARGETED_DEVICE_FAMILY = "1,2";
				TEST_TARGET_NAME = YouOn;
			};
			name = Release;
		};
/* End XCBuildConfiguration section */

/* Begin XCConfigurationList section */
		9DA011BE29C1B61E00962778 /* Build configuration list for PBXProject "YouOn" */ = {
			isa = XCConfigurationList;
			buildConfigurations = (
				9DA011EE29C1B61F00962778 /* Debug */,
				9DA011EF29C1B61F00962778 /* Release */,
			);
			defaultConfigurationIsVisible = 0;
			defaultConfigurationName = Release;
		};
		9DA011F029C1B61F00962778 /* Build configuration list for PBXNativeTarget "YouOn" */ = {
			isa = XCConfigurationList;
			buildConfigurations = (
				9DA011F129C1B61F00962778 /* Debug */,
				9DA011F229C1B61F00962778 /* Release */,
			);
			defaultConfigurationIsVisible = 0;
			defaultConfigurationName = Release;
		};
		9DA011F329C1B61F00962778 /* Build configuration list for PBXNativeTarget "YouOnTests" */ = {
			isa = XCConfigurationList;
			buildConfigurations = (
				9DA011F429C1B61F00962778 /* Debug */,
				9DA011F529C1B61F00962778 /* Release */,
			);
			defaultConfigurationIsVisible = 0;
			defaultConfigurationName = Release;
		};
		9DA011F629C1B61F00962778 /* Build configuration list for PBXNativeTarget "YouOnUITests" */ = {
			isa = XCConfigurationList;
			buildConfigurations = (
				9DA011F729C1B61F00962778 /* Debug */,
				9DA011F829C1B61F00962778 /* Release */,
			);
			defaultConfigurationIsVisible = 0;
			defaultConfigurationName = Release;
		};
/* End XCConfigurationList section */

/* Begin XCVersionGroup section */
		9DA011CF29C1B61E00962778 /* YouOn.xcdatamodeld */ = {
			isa = XCVersionGroup;
			children = (
				9DA011D029C1B61E00962778 /* YouOn.xcdatamodel */,
			);
			currentVersion = 9DA011D029C1B61E00962778 /* YouOn.xcdatamodel */;
			path = YouOn.xcdatamodeld;
			sourceTree = "<group>";
			versionGroupType = wrapper.xcdatamodel;
		};
/* End XCVersionGroup section */
	};
	rootObject = 9DA011BB29C1B61E00962778 /* Project object */;
}
